// !$*UTF8*$!
{
	archiveVersion = 1;
	classes = {
	};
	objectVersion = 46;
	objects = {

/* Begin PBXBuildFile section */
		84E385221CCB3B6600D36324 /* main.m in Sources */ = {isa = PBXBuildFile; fileRef = 84E385211CCB3B6600D36324 /* main.m */; };
		84E385251CCB3B6600D36324 /* AppDelegate.m in Sources */ = {isa = PBXBuildFile; fileRef = 84E385241CCB3B6600D36324 /* AppDelegate.m */; };
		84E385281CCB3B6600D36324 /* HomePage.m in Sources */ = {isa = PBXBuildFile; fileRef = 84E385271CCB3B6600D36324 /* HomePage.m */; };
		84E3852D1CCB3B6600D36324 /* Assets.xcassets in Resources */ = {isa = PBXBuildFile; fileRef = 84E3852C1CCB3B6600D36324 /* Assets.xcassets */; };
		84E3853B1CCB3B6600D36324 /* WeekNewsTests.m in Sources */ = {isa = PBXBuildFile; fileRef = 84E3853A1CCB3B6600D36324 /* WeekNewsTests.m */; };
		84E385461CCB3B6600D36324 /* WeekNewsUITests.m in Sources */ = {isa = PBXBuildFile; fileRef = 84E385451CCB3B6600D36324 /* WeekNewsUITests.m */; };
		84E385791CCB4DC400D36324 /* FxBasePage.m in Sources */ = {isa = PBXBuildFile; fileRef = 84E385781CCB4DC400D36324 /* FxBasePage.m */; };
		84E385861CCB591C00D36324 /* AdvertInfo.m in Sources */ = {isa = PBXBuildFile; fileRef = 84E3857F1CCB591C00D36324 /* AdvertInfo.m */; };
		84E385871CCB591C00D36324 /* BaseInfo.m in Sources */ = {isa = PBXBuildFile; fileRef = 84E385811CCB591C00D36324 /* BaseInfo.m */; };
		84E385881CCB591C00D36324 /* ColumnInfo.m in Sources */ = {isa = PBXBuildFile; fileRef = 84E385831CCB591C00D36324 /* ColumnInfo.m */; };
		84E385891CCB591C00D36324 /* NewsInfo.m in Sources */ = {isa = PBXBuildFile; fileRef = 84E385851CCB591C00D36324 /* NewsInfo.m */; };
		84E3858E1CCB5D0200D36324 /* FxBaseController.m in Sources */ = {isa = PBXBuildFile; fileRef = 84E3858D1CCB5D0200D36324 /* FxBaseController.m */; };
		84E385AB1CCB602000D36324 /* FxJSON.m in Sources */ = {isa = PBXBuildFile; fileRef = 84E385A21CCB602000D36324 /* FxJSON.m */; settings = {COMPILER_FLAGS = "-fno-objc-arc"; }; };
		84E385AC1CCB602000D36324 /* FxJsonBase.m in Sources */ = {isa = PBXBuildFile; fileRef = 84E385A41CCB602000D36324 /* FxJsonBase.m */; settings = {COMPILER_FLAGS = "-fno-objc-arc"; }; };
		84E385AD1CCB602000D36324 /* FxJsonParser.m in Sources */ = {isa = PBXBuildFile; fileRef = 84E385A61CCB602000D36324 /* FxJsonParser.m */; settings = {COMPILER_FLAGS = "-fno-objc-arc"; }; };
		84E385AE1CCB602000D36324 /* FxJsonUtility.m in Sources */ = {isa = PBXBuildFile; fileRef = 84E385A81CCB602000D36324 /* FxJsonUtility.m */; settings = {COMPILER_FLAGS = "-fno-objc-arc"; }; };
		84E385AF1CCB602000D36324 /* FxJsonWriter.m in Sources */ = {isa = PBXBuildFile; fileRef = 84E385AA1CCB602000D36324 /* FxJsonWriter.m */; settings = {COMPILER_FLAGS = "-fno-objc-arc"; }; };
		84E385B21CCB64A200D36324 /* FxBaseOperation.m in Sources */ = {isa = PBXBuildFile; fileRef = 84E385B11CCB64A200D36324 /* FxBaseOperation.m */; };
		84E385B51CCB68D800D36324 /* FxGetAdvert.m in Sources */ = {isa = PBXBuildFile; fileRef = 84E385B41CCB68D800D36324 /* FxGetAdvert.m */; };
		84E385B81CCB696800D36324 /* FxGetColumn.m in Sources */ = {isa = PBXBuildFile; fileRef = 84E385B71CCB696800D36324 /* FxGetColumn.m */; };
		84E385BB1CCB697700D36324 /* FxGetNews.m in Sources */ = {isa = PBXBuildFile; fileRef = 84E385BA1CCB697700D36324 /* FxGetNews.m */; };
		84E385BE1CCB6BF400D36324 /* AdvertPage.m in Sources */ = {isa = PBXBuildFile; fileRef = 84E385BD1CCB6BF400D36324 /* AdvertPage.m */; };
		84E385C11CCB6D4E00D36324 /* NewsPage.m in Sources */ = {isa = PBXBuildFile; fileRef = 84E385C01CCB6D4E00D36324 /* NewsPage.m */; };
		84E385C41CCB6D8700D36324 /* FavoritePage.m in Sources */ = {isa = PBXBuildFile; fileRef = 84E385C31CCB6D8700D36324 /* FavoritePage.m */; };
		84E385C71CCB6D9D00D36324 /* MyPage.m in Sources */ = {isa = PBXBuildFile; fileRef = 84E385C61CCB6D9D00D36324 /* MyPage.m */; };
		84E385CA1CCB6DD900D36324 /* DetailPage.m in Sources */ = {isa = PBXBuildFile; fileRef = 84E385C91CCB6DD900D36324 /* DetailPage.m */; };
		84E385CD1CCB6E2400D36324 /* FxBaseWidget.m in Sources */ = {isa = PBXBuildFile; fileRef = 84E385CC1CCB6E2400D36324 /* FxBaseWidget.m */; };
		84E385D01CCB6E7C00D36324 /* FxTableWidget.m in Sources */ = {isa = PBXBuildFile; fileRef = 84E385CF1CCB6E7C00D36324 /* FxTableWidget.m */; };
		84E385D31CCB6EC500D36324 /* ColumnBarWidget.m in Sources */ = {isa = PBXBuildFile; fileRef = 84E385D21CCB6EC500D36324 /* ColumnBarWidget.m */; };
		84E385D61CCB6EE300D36324 /* NewsWidget.m in Sources */ = {isa = PBXBuildFile; fileRef = 84E385D51CCB6EE300D36324 /* NewsWidget.m */; };
		84E385D91CCB6F3400D36324 /* FavoriteWidget.m in Sources */ = {isa = PBXBuildFile; fileRef = 84E385D81CCB6F3400D36324 /* FavoriteWidget.m */; };
		84E385DC1CCB6FCA00D36324 /* FxBaseCell.m in Sources */ = {isa = PBXBuildFile; fileRef = 84E385DB1CCB6FCA00D36324 /* FxBaseCell.m */; };
		84E385DF1CCB700C00D36324 /* NewsCell.m in Sources */ = {isa = PBXBuildFile; fileRef = 84E385DE1CCB700C00D36324 /* NewsCell.m */; };
		84E385E21CCB701A00D36324 /* FavoriteCell.m in Sources */ = {isa = PBXBuildFile; fileRef = 84E385E11CCB701A00D36324 /* FavoriteCell.m */; };
		84E385E51CCB716B00D36324 /* UserInfo.m in Sources */ = {isa = PBXBuildFile; fileRef = 84E385E41CCB716B00D36324 /* UserInfo.m */; };
		84E385E81CCB720100D36324 /* FxLogin.m in Sources */ = {isa = PBXBuildFile; fileRef = 84E385E71CCB720100D36324 /* FxLogin.m */; };
		84E385EB1CCB72BE00D36324 /* LoginPage.m in Sources */ = {isa = PBXBuildFile; fileRef = 84E385EA1CCB72BE00D36324 /* LoginPage.m */; };
		84E385ED1CCB739800D36324 /* LoginPage.xib in Resources */ = {isa = PBXBuildFile; fileRef = 84E385EC1CCB739800D36324 /* LoginPage.xib */; };
		84E385F61CCB75E400D36324 /* account_snslogin_icon_1@2x.png in Resources */ = {isa = PBXBuildFile; fileRef = 84E385EF1CCB75E400D36324 /* account_snslogin_icon_1@2x.png */; };
		84E385F71CCB75E400D36324 /* account_snslogin_icon_3@2x.png in Resources */ = {isa = PBXBuildFile; fileRef = 84E385F01CCB75E400D36324 /* account_snslogin_icon_3@2x.png */; };
		84E385F81CCB75E400D36324 /* home_page_line_vertical@2x.png in Resources */ = {isa = PBXBuildFile; fileRef = 84E385F11CCB75E400D36324 /* home_page_line_vertical@2x.png */; };
		84E385F91CCB75E400D36324 /* login_button@2x.png in Resources */ = {isa = PBXBuildFile; fileRef = 84E385F21CCB75E400D36324 /* login_button@2x.png */; };
		84E385FA1CCB75E400D36324 /* login_forgot_button@2x.png in Resources */ = {isa = PBXBuildFile; fileRef = 84E385F31CCB75E400D36324 /* login_forgot_button@2x.png */; };
		84E385FB1CCB75E400D36324 /* login_password_icon@2x.png in Resources */ = {isa = PBXBuildFile; fileRef = 84E385F41CCB75E400D36324 /* login_password_icon@2x.png */; };
		84E385FC1CCB75E400D36324 /* login_username_icon@2x.png in Resources */ = {isa = PBXBuildFile; fileRef = 84E385F51CCB75E400D36324 /* login_username_icon@2x.png */; };
/* End PBXBuildFile section */

/* Begin PBXContainerItemProxy section */
		84E385371CCB3B6600D36324 /* PBXContainerItemProxy */ = {
			isa = PBXContainerItemProxy;
			containerPortal = 84E385151CCB3B6600D36324 /* Project object */;
			proxyType = 1;
			remoteGlobalIDString = 84E3851C1CCB3B6600D36324;
			remoteInfo = WeekNews;
		};
		84E385421CCB3B6600D36324 /* PBXContainerItemProxy */ = {
			isa = PBXContainerItemProxy;
			containerPortal = 84E385151CCB3B6600D36324 /* Project object */;
			proxyType = 1;
			remoteGlobalIDString = 84E3851C1CCB3B6600D36324;
			remoteInfo = WeekNews;
		};
/* End PBXContainerItemProxy section */

/* Begin PBXFileReference section */
		84E3851D1CCB3B6600D36324 /* WeekNews.app */ = {isa = PBXFileReference; explicitFileType = wrapper.application; includeInIndex = 0; path = WeekNews.app; sourceTree = BUILT_PRODUCTS_DIR; };
		84E385211CCB3B6600D36324 /* main.m */ = {isa = PBXFileReference; lastKnownFileType = sourcecode.c.objc; path = main.m; sourceTree = "<group>"; };
		84E385231CCB3B6600D36324 /* AppDelegate.h */ = {isa = PBXFileReference; lastKnownFileType = sourcecode.c.h; path = AppDelegate.h; sourceTree = "<group>"; };
		84E385241CCB3B6600D36324 /* AppDelegate.m */ = {isa = PBXFileReference; lastKnownFileType = sourcecode.c.objc; path = AppDelegate.m; sourceTree = "<group>"; };
		84E385261CCB3B6600D36324 /* HomePage.h */ = {isa = PBXFileReference; lastKnownFileType = sourcecode.c.h; path = HomePage.h; sourceTree = "<group>"; };
		84E385271CCB3B6600D36324 /* HomePage.m */ = {isa = PBXFileReference; lastKnownFileType = sourcecode.c.objc; path = HomePage.m; sourceTree = "<group>"; };
		84E3852C1CCB3B6600D36324 /* Assets.xcassets */ = {isa = PBXFileReference; lastKnownFileType = folder.assetcatalog; path = Assets.xcassets; sourceTree = "<group>"; };
		84E385311CCB3B6600D36324 /* Info.plist */ = {isa = PBXFileReference; lastKnownFileType = text.plist.xml; path = Info.plist; sourceTree = "<group>"; };
		84E385361CCB3B6600D36324 /* WeekNewsTests.xctest */ = {isa = PBXFileReference; explicitFileType = wrapper.cfbundle; includeInIndex = 0; path = WeekNewsTests.xctest; sourceTree = BUILT_PRODUCTS_DIR; };
		84E3853A1CCB3B6600D36324 /* WeekNewsTests.m */ = {isa = PBXFileReference; lastKnownFileType = sourcecode.c.objc; path = WeekNewsTests.m; sourceTree = "<group>"; };
		84E3853C1CCB3B6600D36324 /* Info.plist */ = {isa = PBXFileReference; lastKnownFileType = text.plist.xml; path = Info.plist; sourceTree = "<group>"; };
		84E385411CCB3B6600D36324 /* WeekNewsUITests.xctest */ = {isa = PBXFileReference; explicitFileType = wrapper.cfbundle; includeInIndex = 0; path = WeekNewsUITests.xctest; sourceTree = BUILT_PRODUCTS_DIR; };
		84E385451CCB3B6600D36324 /* WeekNewsUITests.m */ = {isa = PBXFileReference; lastKnownFileType = sourcecode.c.objc; path = WeekNewsUITests.m; sourceTree = "<group>"; };
		84E385471CCB3B6600D36324 /* Info.plist */ = {isa = PBXFileReference; lastKnownFileType = text.plist.xml; path = Info.plist; sourceTree = "<group>"; };
		84E385531CCB3BD100D36324 /* Readme */ = {isa = PBXFileReference; lastKnownFileType = text; path = Readme; sourceTree = "<group>"; };
		84E3855C1CCB3D0300D36324 /* Defines.h */ = {isa = PBXFileReference; fileEncoding = 4; lastKnownFileType = sourcecode.c.h; path = Defines.h; sourceTree = "<group>"; };
		84E385761CCB48B900D36324 /* PrefixHeader.pch */ = {isa = PBXFileReference; fileEncoding = 4; lastKnownFileType = sourcecode.c.h; path = PrefixHeader.pch; sourceTree = "<group>"; };
		84E385771CCB4DC400D36324 /* FxBasePage.h */ = {isa = PBXFileReference; fileEncoding = 4; lastKnownFileType = sourcecode.c.h; path = FxBasePage.h; sourceTree = "<group>"; };
		84E385781CCB4DC400D36324 /* FxBasePage.m */ = {isa = PBXFileReference; fileEncoding = 4; lastKnownFileType = sourcecode.c.objc; path = FxBasePage.m; sourceTree = "<group>"; };
		84E3857E1CCB591C00D36324 /* AdvertInfo.h */ = {isa = PBXFileReference; fileEncoding = 4; lastKnownFileType = sourcecode.c.h; path = AdvertInfo.h; sourceTree = "<group>"; };
		84E3857F1CCB591C00D36324 /* AdvertInfo.m */ = {isa = PBXFileReference; fileEncoding = 4; lastKnownFileType = sourcecode.c.objc; path = AdvertInfo.m; sourceTree = "<group>"; };
		84E385801CCB591C00D36324 /* BaseInfo.h */ = {isa = PBXFileReference; fileEncoding = 4; lastKnownFileType = sourcecode.c.h; path = BaseInfo.h; sourceTree = "<group>"; };
		84E385811CCB591C00D36324 /* BaseInfo.m */ = {isa = PBXFileReference; fileEncoding = 4; lastKnownFileType = sourcecode.c.objc; path = BaseInfo.m; sourceTree = "<group>"; };
		84E385821CCB591C00D36324 /* ColumnInfo.h */ = {isa = PBXFileReference; fileEncoding = 4; lastKnownFileType = sourcecode.c.h; path = ColumnInfo.h; sourceTree = "<group>"; };
		84E385831CCB591C00D36324 /* ColumnInfo.m */ = {isa = PBXFileReference; fileEncoding = 4; lastKnownFileType = sourcecode.c.objc; path = ColumnInfo.m; sourceTree = "<group>"; };
		84E385841CCB591C00D36324 /* NewsInfo.h */ = {isa = PBXFileReference; fileEncoding = 4; lastKnownFileType = sourcecode.c.h; path = NewsInfo.h; sourceTree = "<group>"; };
		84E385851CCB591C00D36324 /* NewsInfo.m */ = {isa = PBXFileReference; fileEncoding = 4; lastKnownFileType = sourcecode.c.objc; path = NewsInfo.m; sourceTree = "<group>"; };
		84E3858B1CCB5A5B00D36324 /* URLDefine.h */ = {isa = PBXFileReference; fileEncoding = 4; lastKnownFileType = sourcecode.c.h; path = URLDefine.h; sourceTree = "<group>"; };
		84E3858C1CCB5D0200D36324 /* FxBaseController.h */ = {isa = PBXFileReference; fileEncoding = 4; lastKnownFileType = sourcecode.c.h; path = FxBaseController.h; sourceTree = "<group>"; };
		84E3858D1CCB5D0200D36324 /* FxBaseController.m */ = {isa = PBXFileReference; fileEncoding = 4; lastKnownFileType = sourcecode.c.objc; path = FxBaseController.m; sourceTree = "<group>"; };
		84E385A11CCB602000D36324 /* FxJSON.h */ = {isa = PBXFileReference; fileEncoding = 4; lastKnownFileType = sourcecode.c.h; path = FxJSON.h; sourceTree = "<group>"; };
		84E385A21CCB602000D36324 /* FxJSON.m */ = {isa = PBXFileReference; fileEncoding = 4; lastKnownFileType = sourcecode.c.objc; path = FxJSON.m; sourceTree = "<group>"; };
		84E385A31CCB602000D36324 /* FxJsonBase.h */ = {isa = PBXFileReference; fileEncoding = 4; lastKnownFileType = sourcecode.c.h; path = FxJsonBase.h; sourceTree = "<group>"; };
		84E385A41CCB602000D36324 /* FxJsonBase.m */ = {isa = PBXFileReference; fileEncoding = 4; lastKnownFileType = sourcecode.c.objc; path = FxJsonBase.m; sourceTree = "<group>"; };
		84E385A51CCB602000D36324 /* FxJsonParser.h */ = {isa = PBXFileReference; fileEncoding = 4; lastKnownFileType = sourcecode.c.h; path = FxJsonParser.h; sourceTree = "<group>"; };
		84E385A61CCB602000D36324 /* FxJsonParser.m */ = {isa = PBXFileReference; fileEncoding = 4; lastKnownFileType = sourcecode.c.objc; path = FxJsonParser.m; sourceTree = "<group>"; };
		84E385A71CCB602000D36324 /* FxJsonUtility.h */ = {isa = PBXFileReference; fileEncoding = 4; lastKnownFileType = sourcecode.c.h; path = FxJsonUtility.h; sourceTree = "<group>"; };
		84E385A81CCB602000D36324 /* FxJsonUtility.m */ = {isa = PBXFileReference; fileEncoding = 4; lastKnownFileType = sourcecode.c.objc; path = FxJsonUtility.m; sourceTree = "<group>"; };
		84E385A91CCB602000D36324 /* FxJsonWriter.h */ = {isa = PBXFileReference; fileEncoding = 4; lastKnownFileType = sourcecode.c.h; path = FxJsonWriter.h; sourceTree = "<group>"; };
		84E385AA1CCB602000D36324 /* FxJsonWriter.m */ = {isa = PBXFileReference; fileEncoding = 4; lastKnownFileType = sourcecode.c.objc; path = FxJsonWriter.m; sourceTree = "<group>"; };
		84E385B01CCB64A200D36324 /* FxBaseOperation.h */ = {isa = PBXFileReference; fileEncoding = 4; lastKnownFileType = sourcecode.c.h; path = FxBaseOperation.h; sourceTree = "<group>"; };
		84E385B11CCB64A200D36324 /* FxBaseOperation.m */ = {isa = PBXFileReference; fileEncoding = 4; lastKnownFileType = sourcecode.c.objc; path = FxBaseOperation.m; sourceTree = "<group>"; };
		84E385B31CCB68D800D36324 /* FxGetAdvert.h */ = {isa = PBXFileReference; fileEncoding = 4; lastKnownFileType = sourcecode.c.h; path = FxGetAdvert.h; sourceTree = "<group>"; };
		84E385B41CCB68D800D36324 /* FxGetAdvert.m */ = {isa = PBXFileReference; fileEncoding = 4; lastKnownFileType = sourcecode.c.objc; path = FxGetAdvert.m; sourceTree = "<group>"; };
		84E385B61CCB696800D36324 /* FxGetColumn.h */ = {isa = PBXFileReference; fileEncoding = 4; lastKnownFileType = sourcecode.c.h; path = FxGetColumn.h; sourceTree = "<group>"; };
		84E385B71CCB696800D36324 /* FxGetColumn.m */ = {isa = PBXFileReference; fileEncoding = 4; lastKnownFileType = sourcecode.c.objc; path = FxGetColumn.m; sourceTree = "<group>"; };
		84E385B91CCB697700D36324 /* FxGetNews.h */ = {isa = PBXFileReference; fileEncoding = 4; lastKnownFileType = sourcecode.c.h; path = FxGetNews.h; sourceTree = "<group>"; };
		84E385BA1CCB697700D36324 /* FxGetNews.m */ = {isa = PBXFileReference; fileEncoding = 4; lastKnownFileType = sourcecode.c.objc; path = FxGetNews.m; sourceTree = "<group>"; };
		84E385BC1CCB6BF400D36324 /* AdvertPage.h */ = {isa = PBXFileReference; fileEncoding = 4; lastKnownFileType = sourcecode.c.h; path = AdvertPage.h; sourceTree = "<group>"; };
		84E385BD1CCB6BF400D36324 /* AdvertPage.m */ = {isa = PBXFileReference; fileEncoding = 4; lastKnownFileType = sourcecode.c.objc; path = AdvertPage.m; sourceTree = "<group>"; };
		84E385BF1CCB6D4E00D36324 /* NewsPage.h */ = {isa = PBXFileReference; fileEncoding = 4; lastKnownFileType = sourcecode.c.h; path = NewsPage.h; sourceTree = "<group>"; };
		84E385C01CCB6D4E00D36324 /* NewsPage.m */ = {isa = PBXFileReference; fileEncoding = 4; lastKnownFileType = sourcecode.c.objc; path = NewsPage.m; sourceTree = "<group>"; };
		84E385C21CCB6D8700D36324 /* FavoritePage.h */ = {isa = PBXFileReference; fileEncoding = 4; lastKnownFileType = sourcecode.c.h; path = FavoritePage.h; sourceTree = "<group>"; };
		84E385C31CCB6D8700D36324 /* FavoritePage.m */ = {isa = PBXFileReference; fileEncoding = 4; lastKnownFileType = sourcecode.c.objc; path = FavoritePage.m; sourceTree = "<group>"; };
		84E385C51CCB6D9D00D36324 /* MyPage.h */ = {isa = PBXFileReference; fileEncoding = 4; lastKnownFileType = sourcecode.c.h; path = MyPage.h; sourceTree = "<group>"; };
		84E385C61CCB6D9D00D36324 /* MyPage.m */ = {isa = PBXFileReference; fileEncoding = 4; lastKnownFileType = sourcecode.c.objc; path = MyPage.m; sourceTree = "<group>"; };
		84E385C81CCB6DD900D36324 /* DetailPage.h */ = {isa = PBXFileReference; fileEncoding = 4; lastKnownFileType = sourcecode.c.h; path = DetailPage.h; sourceTree = "<group>"; };
		84E385C91CCB6DD900D36324 /* DetailPage.m */ = {isa = PBXFileReference; fileEncoding = 4; lastKnownFileType = sourcecode.c.objc; path = DetailPage.m; sourceTree = "<group>"; };
		84E385CB1CCB6E2400D36324 /* FxBaseWidget.h */ = {isa = PBXFileReference; fileEncoding = 4; lastKnownFileType = sourcecode.c.h; path = FxBaseWidget.h; sourceTree = "<group>"; };
		84E385CC1CCB6E2400D36324 /* FxBaseWidget.m */ = {isa = PBXFileReference; fileEncoding = 4; lastKnownFileType = sourcecode.c.objc; path = FxBaseWidget.m; sourceTree = "<group>"; };
		84E385CE1CCB6E7C00D36324 /* FxTableWidget.h */ = {isa = PBXFileReference; fileEncoding = 4; lastKnownFileType = sourcecode.c.h; path = FxTableWidget.h; sourceTree = "<group>"; };
		84E385CF1CCB6E7C00D36324 /* FxTableWidget.m */ = {isa = PBXFileReference; fileEncoding = 4; lastKnownFileType = sourcecode.c.objc; path = FxTableWidget.m; sourceTree = "<group>"; };
		84E385D11CCB6EC500D36324 /* ColumnBarWidget.h */ = {isa = PBXFileReference; fileEncoding = 4; lastKnownFileType = sourcecode.c.h; path = ColumnBarWidget.h; sourceTree = "<group>"; };
		84E385D21CCB6EC500D36324 /* ColumnBarWidget.m */ = {isa = PBXFileReference; fileEncoding = 4; lastKnownFileType = sourcecode.c.objc; path = ColumnBarWidget.m; sourceTree = "<group>"; };
		84E385D41CCB6EE300D36324 /* NewsWidget.h */ = {isa = PBXFileReference; fileEncoding = 4; lastKnownFileType = sourcecode.c.h; path = NewsWidget.h; sourceTree = "<group>"; };
		84E385D51CCB6EE300D36324 /* NewsWidget.m */ = {isa = PBXFileReference; fileEncoding = 4; lastKnownFileType = sourcecode.c.objc; path = NewsWidget.m; sourceTree = "<group>"; };
		84E385D71CCB6F3400D36324 /* FavoriteWidget.h */ = {isa = PBXFileReference; fileEncoding = 4; lastKnownFileType = sourcecode.c.h; path = FavoriteWidget.h; sourceTree = "<group>"; };
		84E385D81CCB6F3400D36324 /* FavoriteWidget.m */ = {isa = PBXFileReference; fileEncoding = 4; lastKnownFileType = sourcecode.c.objc; path = FavoriteWidget.m; sourceTree = "<group>"; };
		84E385DA1CCB6FCA00D36324 /* FxBaseCell.h */ = {isa = PBXFileReference; fileEncoding = 4; lastKnownFileType = sourcecode.c.h; path = FxBaseCell.h; sourceTree = "<group>"; };
		84E385DB1CCB6FCA00D36324 /* FxBaseCell.m */ = {isa = PBXFileReference; fileEncoding = 4; lastKnownFileType = sourcecode.c.objc; path = FxBaseCell.m; sourceTree = "<group>"; };
		84E385DD1CCB700C00D36324 /* NewsCell.h */ = {isa = PBXFileReference; fileEncoding = 4; lastKnownFileType = sourcecode.c.h; path = NewsCell.h; sourceTree = "<group>"; };
		84E385DE1CCB700C00D36324 /* NewsCell.m */ = {isa = PBXFileReference; fileEncoding = 4; lastKnownFileType = sourcecode.c.objc; path = NewsCell.m; sourceTree = "<group>"; };
		84E385E01CCB701A00D36324 /* FavoriteCell.h */ = {isa = PBXFileReference; fileEncoding = 4; lastKnownFileType = sourcecode.c.h; path = FavoriteCell.h; sourceTree = "<group>"; };
		84E385E11CCB701A00D36324 /* FavoriteCell.m */ = {isa = PBXFileReference; fileEncoding = 4; lastKnownFileType = sourcecode.c.objc; path = FavoriteCell.m; sourceTree = "<group>"; };
		84E385E31CCB716B00D36324 /* UserInfo.h */ = {isa = PBXFileReference; fileEncoding = 4; lastKnownFileType = sourcecode.c.h; path = UserInfo.h; sourceTree = "<group>"; };
		84E385E41CCB716B00D36324 /* UserInfo.m */ = {isa = PBXFileReference; fileEncoding = 4; lastKnownFileType = sourcecode.c.objc; path = UserInfo.m; sourceTree = "<group>"; };
		84E385E61CCB720100D36324 /* FxLogin.h */ = {isa = PBXFileReference; fileEncoding = 4; lastKnownFileType = sourcecode.c.h; path = FxLogin.h; sourceTree = "<group>"; };
		84E385E71CCB720100D36324 /* FxLogin.m */ = {isa = PBXFileReference; fileEncoding = 4; lastKnownFileType = sourcecode.c.objc; path = FxLogin.m; sourceTree = "<group>"; };
		84E385E91CCB72BE00D36324 /* LoginPage.h */ = {isa = PBXFileReference; fileEncoding = 4; lastKnownFileType = sourcecode.c.h; path = LoginPage.h; sourceTree = "<group>"; };
		84E385EA1CCB72BE00D36324 /* LoginPage.m */ = {isa = PBXFileReference; fileEncoding = 4; lastKnownFileType = sourcecode.c.objc; path = LoginPage.m; sourceTree = "<group>"; };
		84E385EC1CCB739800D36324 /* LoginPage.xib */ = {isa = PBXFileReference; fileEncoding = 4; lastKnownFileType = file.xib; path = LoginPage.xib; sourceTree = "<group>"; };
		84E385EF1CCB75E400D36324 /* account_snslogin_icon_1@2x.png */ = {isa = PBXFileReference; lastKnownFileType = image.png; path = "account_snslogin_icon_1@2x.png"; sourceTree = "<group>"; };
		84E385F01CCB75E400D36324 /* account_snslogin_icon_3@2x.png */ = {isa = PBXFileReference; lastKnownFileType = image.png; path = "account_snslogin_icon_3@2x.png"; sourceTree = "<group>"; };
		84E385F11CCB75E400D36324 /* home_page_line_vertical@2x.png */ = {isa = PBXFileReference; lastKnownFileType = image.png; path = "home_page_line_vertical@2x.png"; sourceTree = "<group>"; };
		84E385F21CCB75E400D36324 /* login_button@2x.png */ = {isa = PBXFileReference; lastKnownFileType = image.png; path = "login_button@2x.png"; sourceTree = "<group>"; };
		84E385F31CCB75E400D36324 /* login_forgot_button@2x.png */ = {isa = PBXFileReference; lastKnownFileType = image.png; path = "login_forgot_button@2x.png"; sourceTree = "<group>"; };
		84E385F41CCB75E400D36324 /* login_password_icon@2x.png */ = {isa = PBXFileReference; lastKnownFileType = image.png; path = "login_password_icon@2x.png"; sourceTree = "<group>"; };
		84E385F51CCB75E400D36324 /* login_username_icon@2x.png */ = {isa = PBXFileReference; lastKnownFileType = image.png; path = "login_username_icon@2x.png"; sourceTree = "<group>"; };
/* End PBXFileReference section */

/* Begin PBXFrameworksBuildPhase section */
		84E3851A1CCB3B6600D36324 /* Frameworks */ = {
			isa = PBXFrameworksBuildPhase;
			buildActionMask = 2147483647;
			files = (
			);
			runOnlyForDeploymentPostprocessing = 0;
		};
		84E385331CCB3B6600D36324 /* Frameworks */ = {
			isa = PBXFrameworksBuildPhase;
			buildActionMask = 2147483647;
			files = (
			);
			runOnlyForDeploymentPostprocessing = 0;
		};
		84E3853E1CCB3B6600D36324 /* Frameworks */ = {
			isa = PBXFrameworksBuildPhase;
			buildActionMask = 2147483647;
			files = (
			);
			runOnlyForDeploymentPostprocessing = 0;
		};
/* End PBXFrameworksBuildPhase section */

/* Begin PBXGroup section */
		84E385141CCB3B6600D36324 = {
			isa = PBXGroup;
			children = (
				84E385531CCB3BD100D36324 /* Readme */,
				84E3851F1CCB3B6600D36324 /* WeekNews */,
				84E385391CCB3B6600D36324 /* WeekNewsTests */,
				84E385441CCB3B6600D36324 /* WeekNewsUITests */,
				84E3851E1CCB3B6600D36324 /* Products */,
			);
			sourceTree = "<group>";
		};
		84E3851E1CCB3B6600D36324 /* Products */ = {
			isa = PBXGroup;
			children = (
				84E3851D1CCB3B6600D36324 /* WeekNews.app */,
				84E385361CCB3B6600D36324 /* WeekNewsTests.xctest */,
				84E385411CCB3B6600D36324 /* WeekNewsUITests.xctest */,
			);
			name = Products;
			sourceTree = "<group>";
		};
		84E3851F1CCB3B6600D36324 /* WeekNews */ = {
			isa = PBXGroup;
			children = (
				84E385541CCB3C1500D36324 /* Global */,
				84E385551CCB3C2300D36324 /* View */,
				84E385561CCB3C3000D36324 /* Model */,
				84E385571CCB3C4400D36324 /* Operation */,
				84E385581CCB3C5F00D36324 /* DB */,
				84E385591CCB3C7800D36324 /* Utility */,
				84E3855A1CCB3C9400D36324 /* ThirdSDK */,
				84E385641CCB408B00D36324 /* Define */,
				84E385231CCB3B6600D36324 /* AppDelegate.h */,
				84E385241CCB3B6600D36324 /* AppDelegate.m */,
				84E3855D1CCB3D1E00D36324 /* Resources */,
				84E385201CCB3B6600D36324 /* Supporting Files */,
			);
			path = WeekNews;
			sourceTree = "<group>";
		};
		84E385201CCB3B6600D36324 /* Supporting Files */ = {
			isa = PBXGroup;
			children = (
				84E385311CCB3B6600D36324 /* Info.plist */,
				84E385211CCB3B6600D36324 /* main.m */,
				84E385761CCB48B900D36324 /* PrefixHeader.pch */,
			);
			name = "Supporting Files";
			sourceTree = "<group>";
		};
		84E385391CCB3B6600D36324 /* WeekNewsTests */ = {
			isa = PBXGroup;
			children = (
				84E3853A1CCB3B6600D36324 /* WeekNewsTests.m */,
				84E3853C1CCB3B6600D36324 /* Info.plist */,
			);
			path = WeekNewsTests;
			sourceTree = "<group>";
		};
		84E385441CCB3B6600D36324 /* WeekNewsUITests */ = {
			isa = PBXGroup;
			children = (
				84E385451CCB3B6600D36324 /* WeekNewsUITests.m */,
				84E385471CCB3B6600D36324 /* Info.plist */,
			);
			path = WeekNewsUITests;
			sourceTree = "<group>";
		};
		84E385541CCB3C1500D36324 /* Global */ = {
			isa = PBXGroup;
			children = (
			);
			name = Global;
			path = Model;
			sourceTree = "<group>";
		};
		84E385551CCB3C2300D36324 /* View */ = {
			isa = PBXGroup;
			children = (
				84E3858C1CCB5D0200D36324 /* FxBaseController.h */,
				84E3858D1CCB5D0200D36324 /* FxBaseController.m */,
				84E3855E1CCB3D3B00D36324 /* Page */,
				84E3855F1CCB3D4600D36324 /* Widget */,
				84E385601CCB3D5200D36324 /* Cell */,
			);
			name = View;
			path = Controller;
			sourceTree = "<group>";
		};
		84E385561CCB3C3000D36324 /* Model */ = {
			isa = PBXGroup;
			children = (
				84E3857E1CCB591C00D36324 /* AdvertInfo.h */,
				84E3857F1CCB591C00D36324 /* AdvertInfo.m */,
				84E385801CCB591C00D36324 /* BaseInfo.h */,
				84E385811CCB591C00D36324 /* BaseInfo.m */,
				84E385821CCB591C00D36324 /* ColumnInfo.h */,
				84E385831CCB591C00D36324 /* ColumnInfo.m */,
				84E385841CCB591C00D36324 /* NewsInfo.h */,
				84E385851CCB591C00D36324 /* NewsInfo.m */,
				84E385E31CCB716B00D36324 /* UserInfo.h */,
				84E385E41CCB716B00D36324 /* UserInfo.m */,
			);
			path = Model;
			sourceTree = "<group>";
		};
		84E385571CCB3C4400D36324 /* Operation */ = {
			isa = PBXGroup;
			children = (
				84E385B01CCB64A200D36324 /* FxBaseOperation.h */,
				84E385B11CCB64A200D36324 /* FxBaseOperation.m */,
				84E385B31CCB68D800D36324 /* FxGetAdvert.h */,
				84E385B41CCB68D800D36324 /* FxGetAdvert.m */,
				84E385B61CCB696800D36324 /* FxGetColumn.h */,
				84E385B71CCB696800D36324 /* FxGetColumn.m */,
				84E385B91CCB697700D36324 /* FxGetNews.h */,
				84E385BA1CCB697700D36324 /* FxGetNews.m */,
				84E385E61CCB720100D36324 /* FxLogin.h */,
				84E385E71CCB720100D36324 /* FxLogin.m */,
			);
			name = Operation;
			path = Network;
			sourceTree = "<group>";
		};
		84E385581CCB3C5F00D36324 /* DB */ = {
			isa = PBXGroup;
			children = (
			);
			path = DB;
			sourceTree = "<group>";
		};
		84E385591CCB3C7800D36324 /* Utility */ = {
			isa = PBXGroup;
			children = (
			);
			path = Utility;
			sourceTree = "<group>";
		};
		84E3855A1CCB3C9400D36324 /* ThirdSDK */ = {
			isa = PBXGroup;
			children = (
				84E385A01CCB5FD200D36324 /* JsonFramework */,
			);
			path = ThirdSDK;
			sourceTree = "<group>";
		};
		84E3855D1CCB3D1E00D36324 /* Resources */ = {
			isa = PBXGroup;
			children = (
				84E385611CCB3D7700D36324 /* Config */,
				84E385621CCB3D8100D36324 /* Image */,
				84E385631CCB3DCB00D36324 /* Xib */,
			);
			name = Resources;
			sourceTree = "<group>";
		};
		84E3855E1CCB3D3B00D36324 /* Page */ = {
			isa = PBXGroup;
			children = (
				84E385771CCB4DC400D36324 /* FxBasePage.h */,
				84E385781CCB4DC400D36324 /* FxBasePage.m */,
				84E385BC1CCB6BF400D36324 /* AdvertPage.h */,
				84E385BD1CCB6BF400D36324 /* AdvertPage.m */,
				84E385261CCB3B6600D36324 /* HomePage.h */,
				84E385271CCB3B6600D36324 /* HomePage.m */,
				84E385BF1CCB6D4E00D36324 /* NewsPage.h */,
				84E385C01CCB6D4E00D36324 /* NewsPage.m */,
				84E385C21CCB6D8700D36324 /* FavoritePage.h */,
				84E385C31CCB6D8700D36324 /* FavoritePage.m */,
				84E385C51CCB6D9D00D36324 /* MyPage.h */,
				84E385C61CCB6D9D00D36324 /* MyPage.m */,
				84E385C81CCB6DD900D36324 /* DetailPage.h */,
				84E385C91CCB6DD900D36324 /* DetailPage.m */,
				84E385E91CCB72BE00D36324 /* LoginPage.h */,
				84E385EA1CCB72BE00D36324 /* LoginPage.m */,
			);
			path = Page;
			sourceTree = "<group>";
		};
		84E3855F1CCB3D4600D36324 /* Widget */ = {
			isa = PBXGroup;
			children = (
				84E385CB1CCB6E2400D36324 /* FxBaseWidget.h */,
				84E385CC1CCB6E2400D36324 /* FxBaseWidget.m */,
				84E385CE1CCB6E7C00D36324 /* FxTableWidget.h */,
				84E385CF1CCB6E7C00D36324 /* FxTableWidget.m */,
				84E385D11CCB6EC500D36324 /* ColumnBarWidget.h */,
				84E385D21CCB6EC500D36324 /* ColumnBarWidget.m */,
				84E385D41CCB6EE300D36324 /* NewsWidget.h */,
				84E385D51CCB6EE300D36324 /* NewsWidget.m */,
				84E385D71CCB6F3400D36324 /* FavoriteWidget.h */,
				84E385D81CCB6F3400D36324 /* FavoriteWidget.m */,
			);
			path = Widget;
			sourceTree = "<group>";
		};
		84E385601CCB3D5200D36324 /* Cell */ = {
			isa = PBXGroup;
			children = (
				84E385DA1CCB6FCA00D36324 /* FxBaseCell.h */,
				84E385DB1CCB6FCA00D36324 /* FxBaseCell.m */,
				84E385DD1CCB700C00D36324 /* NewsCell.h */,
				84E385DE1CCB700C00D36324 /* NewsCell.m */,
				84E385E01CCB701A00D36324 /* FavoriteCell.h */,
				84E385E11CCB701A00D36324 /* FavoriteCell.m */,
			);
			path = Cell;
			sourceTree = "<group>";
		};
		84E385611CCB3D7700D36324 /* Config */ = {
			isa = PBXGroup;
			children = (
			);
			name = Config;
			sourceTree = "<group>";
		};
		84E385621CCB3D8100D36324 /* Image */ = {
			isa = PBXGroup;
			children = (
				84E385EE1CCB759200D36324 /* Login */,
				84E3852C1CCB3B6600D36324 /* Assets.xcassets */,
			);
			name = Image;
			path = Resources/Image;
			sourceTree = "<group>";
		};
		84E385631CCB3DCB00D36324 /* Xib */ = {
			isa = PBXGroup;
			children = (
				84E385EC1CCB739800D36324 /* LoginPage.xib */,
			);
			name = Xib;
			sourceTree = "<group>";
		};
		84E385641CCB408B00D36324 /* Define */ = {
			isa = PBXGroup;
			children = (
				84E3855C1CCB3D0300D36324 /* Defines.h */,
				84E3858B1CCB5A5B00D36324 /* URLDefine.h */,
			);
			path = Define;
			sourceTree = "<group>";
		};
		84E385A01CCB5FD200D36324 /* JsonFramework */ = {
			isa = PBXGroup;
			children = (
				84E385A11CCB602000D36324 /* FxJSON.h */,
				84E385A21CCB602000D36324 /* FxJSON.m */,
				84E385A31CCB602000D36324 /* FxJsonBase.h */,
				84E385A41CCB602000D36324 /* FxJsonBase.m */,
				84E385A51CCB602000D36324 /* FxJsonParser.h */,
				84E385A61CCB602000D36324 /* FxJsonParser.m */,
				84E385A71CCB602000D36324 /* FxJsonUtility.h */,
				84E385A81CCB602000D36324 /* FxJsonUtility.m */,
				84E385A91CCB602000D36324 /* FxJsonWriter.h */,
				84E385AA1CCB602000D36324 /* FxJsonWriter.m */,
			);
			path = JsonFramework;
			sourceTree = "<group>";
		};
		84E385EE1CCB759200D36324 /* Login */ = {
			isa = PBXGroup;
			children = (
				84E385EF1CCB75E400D36324 /* account_snslogin_icon_1@2x.png */,
				84E385F01CCB75E400D36324 /* account_snslogin_icon_3@2x.png */,
				84E385F11CCB75E400D36324 /* home_page_line_vertical@2x.png */,
				84E385F21CCB75E400D36324 /* login_button@2x.png */,
				84E385F31CCB75E400D36324 /* login_forgot_button@2x.png */,
				84E385F41CCB75E400D36324 /* login_password_icon@2x.png */,
				84E385F51CCB75E400D36324 /* login_username_icon@2x.png */,
			);
			path = Login;
			sourceTree = "<group>";
		};
/* End PBXGroup section */

/* Begin PBXNativeTarget section */
		84E3851C1CCB3B6600D36324 /* WeekNews */ = {
			isa = PBXNativeTarget;
			buildConfigurationList = 84E3854A1CCB3B6600D36324 /* Build configuration list for PBXNativeTarget "WeekNews" */;
			buildPhases = (
				84E385191CCB3B6600D36324 /* Sources */,
				84E3851A1CCB3B6600D36324 /* Frameworks */,
				84E3851B1CCB3B6600D36324 /* Resources */,
			);
			buildRules = (
			);
			dependencies = (
			);
			name = WeekNews;
			productName = WeekNews;
			productReference = 84E3851D1CCB3B6600D36324 /* WeekNews.app */;
			productType = "com.apple.product-type.application";
		};
		84E385351CCB3B6600D36324 /* WeekNewsTests */ = {
			isa = PBXNativeTarget;
			buildConfigurationList = 84E3854D1CCB3B6600D36324 /* Build configuration list for PBXNativeTarget "WeekNewsTests" */;
			buildPhases = (
				84E385321CCB3B6600D36324 /* Sources */,
				84E385331CCB3B6600D36324 /* Frameworks */,
				84E385341CCB3B6600D36324 /* Resources */,
			);
			buildRules = (
			);
			dependencies = (
				84E385381CCB3B6600D36324 /* PBXTargetDependency */,
			);
			name = WeekNewsTests;
			productName = WeekNewsTests;
			productReference = 84E385361CCB3B6600D36324 /* WeekNewsTests.xctest */;
			productType = "com.apple.product-type.bundle.unit-test";
		};
		84E385401CCB3B6600D36324 /* WeekNewsUITests */ = {
			isa = PBXNativeTarget;
			buildConfigurationList = 84E385501CCB3B6600D36324 /* Build configuration list for PBXNativeTarget "WeekNewsUITests" */;
			buildPhases = (
				84E3853D1CCB3B6600D36324 /* Sources */,
				84E3853E1CCB3B6600D36324 /* Frameworks */,
				84E3853F1CCB3B6600D36324 /* Resources */,
			);
			buildRules = (
			);
			dependencies = (
				84E385431CCB3B6600D36324 /* PBXTargetDependency */,
			);
			name = WeekNewsUITests;
			productName = WeekNewsUITests;
			productReference = 84E385411CCB3B6600D36324 /* WeekNewsUITests.xctest */;
			productType = "com.apple.product-type.bundle.ui-testing";
		};
/* End PBXNativeTarget section */

/* Begin PBXProject section */
		84E385151CCB3B6600D36324 /* Project object */ = {
			isa = PBXProject;
			attributes = {
				LastUpgradeCheck = 0730;
				ORGANIZATIONNAME = admin;
				TargetAttributes = {
					84E3851C1CCB3B6600D36324 = {
						CreatedOnToolsVersion = 7.3;
					};
					84E385351CCB3B6600D36324 = {
						CreatedOnToolsVersion = 7.3;
						TestTargetID = 84E3851C1CCB3B6600D36324;
					};
					84E385401CCB3B6600D36324 = {
						CreatedOnToolsVersion = 7.3;
						TestTargetID = 84E3851C1CCB3B6600D36324;
					};
				};
			};
			buildConfigurationList = 84E385181CCB3B6600D36324 /* Build configuration list for PBXProject "WeekNews" */;
			compatibilityVersion = "Xcode 3.2";
			developmentRegion = English;
			hasScannedForEncodings = 0;
			knownRegions = (
				en,
				Base,
			);
			mainGroup = 84E385141CCB3B6600D36324;
			productRefGroup = 84E3851E1CCB3B6600D36324 /* Products */;
			projectDirPath = "";
			projectRoot = "";
			targets = (
				84E3851C1CCB3B6600D36324 /* WeekNews */,
				84E385351CCB3B6600D36324 /* WeekNewsTests */,
				84E385401CCB3B6600D36324 /* WeekNewsUITests */,
			);
		};
/* End PBXProject section */

/* Begin PBXResourcesBuildPhase section */
		84E3851B1CCB3B6600D36324 /* Resources */ = {
			isa = PBXResourcesBuildPhase;
			buildActionMask = 2147483647;
			files = (
				84E385F91CCB75E400D36324 /* login_button@2x.png in Resources */,
				84E385F61CCB75E400D36324 /* account_snslogin_icon_1@2x.png in Resources */,
				84E3852D1CCB3B6600D36324 /* Assets.xcassets in Resources */,
				84E385FA1CCB75E400D36324 /* login_forgot_button@2x.png in Resources */,
				84E385FB1CCB75E400D36324 /* login_password_icon@2x.png in Resources */,
				84E385F81CCB75E400D36324 /* home_page_line_vertical@2x.png in Resources */,
				84E385F71CCB75E400D36324 /* account_snslogin_icon_3@2x.png in Resources */,
				84E385ED1CCB739800D36324 /* LoginPage.xib in Resources */,
				84E385FC1CCB75E400D36324 /* login_username_icon@2x.png in Resources */,
			);
			runOnlyForDeploymentPostprocessing = 0;
		};
		84E385341CCB3B6600D36324 /* Resources */ = {
			isa = PBXResourcesBuildPhase;
			buildActionMask = 2147483647;
			files = (
			);
			runOnlyForDeploymentPostprocessing = 0;
		};
		84E3853F1CCB3B6600D36324 /* Resources */ = {
			isa = PBXResourcesBuildPhase;
			buildActionMask = 2147483647;
			files = (
			);
			runOnlyForDeploymentPostprocessing = 0;
		};
/* End PBXResourcesBuildPhase section */

/* Begin PBXSourcesBuildPhase section */
		84E385191CCB3B6600D36324 /* Sources */ = {
			isa = PBXSourcesBuildPhase;
			buildActionMask = 2147483647;
			files = (
				84E3858E1CCB5D0200D36324 /* FxBaseController.m in Sources */,
				84E385861CCB591C00D36324 /* AdvertInfo.m in Sources */,
				84E385AD1CCB602000D36324 /* FxJsonParser.m in Sources */,
				84E385C11CCB6D4E00D36324 /* NewsPage.m in Sources */,
				84E385281CCB3B6600D36324 /* HomePage.m in Sources */,
				84E385871CCB591C00D36324 /* BaseInfo.m in Sources */,
				84E385EB1CCB72BE00D36324 /* LoginPage.m in Sources */,
				84E385CD1CCB6E2400D36324 /* FxBaseWidget.m in Sources */,
				84E385D01CCB6E7C00D36324 /* FxTableWidget.m in Sources */,
				84E385DF1CCB700C00D36324 /* NewsCell.m in Sources */,
				84E385791CCB4DC400D36324 /* FxBasePage.m in Sources */,
				84E385AE1CCB602000D36324 /* FxJsonUtility.m in Sources */,
				84E385251CCB3B6600D36324 /* AppDelegate.m in Sources */,
				84E385221CCB3B6600D36324 /* main.m in Sources */,
				84E385891CCB591C00D36324 /* NewsInfo.m in Sources */,
				84E385B81CCB696800D36324 /* FxGetColumn.m in Sources */,
				84E385CA1CCB6DD900D36324 /* DetailPage.m in Sources */,
				84E385E51CCB716B00D36324 /* UserInfo.m in Sources */,
				84E385C71CCB6D9D00D36324 /* MyPage.m in Sources */,
				84E385E81CCB720100D36324 /* FxLogin.m in Sources */,
				84E385BB1CCB697700D36324 /* FxGetNews.m in Sources */,
				84E385D31CCB6EC500D36324 /* ColumnBarWidget.m in Sources */,
				84E385881CCB591C00D36324 /* ColumnInfo.m in Sources */,
				84E385C41CCB6D8700D36324 /* FavoritePage.m in Sources */,
				84E385BE1CCB6BF400D36324 /* AdvertPage.m in Sources */,
				84E385DC1CCB6FCA00D36324 /* FxBaseCell.m in Sources */,
				84E385AC1CCB602000D36324 /* FxJsonBase.m in Sources */,
				84E385D61CCB6EE300D36324 /* NewsWidget.m in Sources */,
				84E385D91CCB6F3400D36324 /* FavoriteWidget.m in Sources */,
				84E385B51CCB68D800D36324 /* FxGetAdvert.m in Sources */,
				84E385AF1CCB602000D36324 /* FxJsonWriter.m in Sources */,
				84E385AB1CCB602000D36324 /* FxJSON.m in Sources */,
				84E385B21CCB64A200D36324 /* FxBaseOperation.m in Sources */,
				84E385E21CCB701A00D36324 /* FavoriteCell.m in Sources */,
			);
			runOnlyForDeploymentPostprocessing = 0;
		};
		84E385321CCB3B6600D36324 /* Sources */ = {
			isa = PBXSourcesBuildPhase;
			buildActionMask = 2147483647;
			files = (
				84E3853B1CCB3B6600D36324 /* WeekNewsTests.m in Sources */,
			);
			runOnlyForDeploymentPostprocessing = 0;
		};
		84E3853D1CCB3B6600D36324 /* Sources */ = {
			isa = PBXSourcesBuildPhase;
			buildActionMask = 2147483647;
			files = (
				84E385461CCB3B6600D36324 /* WeekNewsUITests.m in Sources */,
			);
			runOnlyForDeploymentPostprocessing = 0;
		};
/* End PBXSourcesBuildPhase section */

/* Begin PBXTargetDependency section */
		84E385381CCB3B6600D36324 /* PBXTargetDependency */ = {
			isa = PBXTargetDependency;
			target = 84E3851C1CCB3B6600D36324 /* WeekNews */;
			targetProxy = 84E385371CCB3B6600D36324 /* PBXContainerItemProxy */;
		};
		84E385431CCB3B6600D36324 /* PBXTargetDependency */ = {
			isa = PBXTargetDependency;
			target = 84E3851C1CCB3B6600D36324 /* WeekNews */;
			targetProxy = 84E385421CCB3B6600D36324 /* PBXContainerItemProxy */;
		};
/* End PBXTargetDependency section */

/* Begin XCBuildConfiguration section */
		84E385481CCB3B6600D36324 /* Debug */ = {
			isa = XCBuildConfiguration;
			buildSettings = {
				ALWAYS_SEARCH_USER_PATHS = NO;
				CLANG_ANALYZER_NONNULL = YES;
				CLANG_CXX_LANGUAGE_STANDARD = "gnu++0x";
				CLANG_CXX_LIBRARY = "libc++";
				CLANG_ENABLE_MODULES = YES;
				CLANG_ENABLE_OBJC_ARC = YES;
				CLANG_WARN_BOOL_CONVERSION = YES;
				CLANG_WARN_CONSTANT_CONVERSION = YES;
				CLANG_WARN_DIRECT_OBJC_ISA_USAGE = YES_ERROR;
				CLANG_WARN_EMPTY_BODY = YES;
				CLANG_WARN_ENUM_CONVERSION = YES;
				CLANG_WARN_INT_CONVERSION = YES;
				CLANG_WARN_OBJC_ROOT_CLASS = YES_ERROR;
				CLANG_WARN_UNREACHABLE_CODE = YES;
				CLANG_WARN__DUPLICATE_METHOD_MATCH = YES;
				"CODE_SIGN_IDENTITY[sdk=iphoneos*]" = "iPhone Developer";
				COPY_PHASE_STRIP = NO;
				DEBUG_INFORMATION_FORMAT = dwarf;
				ENABLE_STRICT_OBJC_MSGSEND = YES;
				ENABLE_TESTABILITY = YES;
				GCC_C_LANGUAGE_STANDARD = gnu99;
				GCC_DYNAMIC_NO_PIC = NO;
				GCC_NO_COMMON_BLOCKS = YES;
				GCC_OPTIMIZATION_LEVEL = 0;
				GCC_PREPROCESSOR_DEFINITIONS = (
					"DEBUG=1",
					"$(inherited)",
				);
				GCC_WARN_64_TO_32_BIT_CONVERSION = YES;
				GCC_WARN_ABOUT_RETURN_TYPE = YES_ERROR;
				GCC_WARN_UNDECLARED_SELECTOR = YES;
				GCC_WARN_UNINITIALIZED_AUTOS = YES_AGGRESSIVE;
				GCC_WARN_UNUSED_FUNCTION = YES;
				GCC_WARN_UNUSED_VARIABLE = YES;
				IPHONEOS_DEPLOYMENT_TARGET = 9.3;
				MTL_ENABLE_DEBUG_INFO = YES;
				ONLY_ACTIVE_ARCH = YES;
				SDKROOT = iphoneos;
			};
			name = Debug;
		};
		84E385491CCB3B6600D36324 /* Release */ = {
			isa = XCBuildConfiguration;
			buildSettings = {
				ALWAYS_SEARCH_USER_PATHS = NO;
				CLANG_ANALYZER_NONNULL = YES;
				CLANG_CXX_LANGUAGE_STANDARD = "gnu++0x";
				CLANG_CXX_LIBRARY = "libc++";
				CLANG_ENABLE_MODULES = YES;
				CLANG_ENABLE_OBJC_ARC = YES;
				CLANG_WARN_BOOL_CONVERSION = YES;
				CLANG_WARN_CONSTANT_CONVERSION = YES;
				CLANG_WARN_DIRECT_OBJC_ISA_USAGE = YES_ERROR;
				CLANG_WARN_EMPTY_BODY = YES;
				CLANG_WARN_ENUM_CONVERSION = YES;
				CLANG_WARN_INT_CONVERSION = YES;
				CLANG_WARN_OBJC_ROOT_CLASS = YES_ERROR;
				CLANG_WARN_UNREACHABLE_CODE = YES;
				CLANG_WARN__DUPLICATE_METHOD_MATCH = YES;
				"CODE_SIGN_IDENTITY[sdk=iphoneos*]" = "iPhone Developer";
				COPY_PHASE_STRIP = NO;
				DEBUG_INFORMATION_FORMAT = "dwarf-with-dsym";
				ENABLE_NS_ASSERTIONS = NO;
				ENABLE_STRICT_OBJC_MSGSEND = YES;
				GCC_C_LANGUAGE_STANDARD = gnu99;
				GCC_NO_COMMON_BLOCKS = YES;
				GCC_WARN_64_TO_32_BIT_CONVERSION = YES;
				GCC_WARN_ABOUT_RETURN_TYPE = YES_ERROR;
				GCC_WARN_UNDECLARED_SELECTOR = YES;
				GCC_WARN_UNINITIALIZED_AUTOS = YES_AGGRESSIVE;
				GCC_WARN_UNUSED_FUNCTION = YES;
				GCC_WARN_UNUSED_VARIABLE = YES;
				IPHONEOS_DEPLOYMENT_TARGET = 9.3;
				MTL_ENABLE_DEBUG_INFO = NO;
				SDKROOT = iphoneos;
				VALIDATE_PRODUCT = YES;
			};
			name = Release;
		};
		84E3854B1CCB3B6600D36324 /* Debug */ = {
			isa = XCBuildConfiguration;
			buildSettings = {
				ASSETCATALOG_COMPILER_APPICON_NAME = AppIcon;
				ASSETCATALOG_COMPILER_LAUNCHIMAGE_NAME = LaunchImage;
				GCC_PREFIX_HEADER = WeekNews/PrefixHeader.pch;
				INFOPLIST_FILE = WeekNews/Info.plist;
				LD_RUNPATH_SEARCH_PATHS = "$(inherited) @executable_path/Frameworks";
				PRODUCT_BUNDLE_IDENTIFIER = com.waspmaster.WeekNews;
				PRODUCT_NAME = "$(TARGET_NAME)";
			};
			name = Debug;
		};
		84E3854C1CCB3B6600D36324 /* Release */ = {
			isa = XCBuildConfiguration;
			buildSettings = {
				ASSETCATALOG_COMPILER_APPICON_NAME = AppIcon;
				ASSETCATALOG_COMPILER_LAUNCHIMAGE_NAME = LaunchImage;
				GCC_PREFIX_HEADER = WeekNews/PrefixHeader.pch;
				INFOPLIST_FILE = WeekNews/Info.plist;
				LD_RUNPATH_SEARCH_PATHS = "$(inherited) @executable_path/Frameworks";
				PRODUCT_BUNDLE_IDENTIFIER = com.waspmaster.WeekNews;
				PRODUCT_NAME = "$(TARGET_NAME)";
			};
			name = Release;
		};
		84E3854E1CCB3B6600D36324 /* Debug */ = {
			isa = XCBuildConfiguration;
			buildSettings = {
				BUNDLE_LOADER = "$(TEST_HOST)";
				INFOPLIST_FILE = WeekNewsTests/Info.plist;
				LD_RUNPATH_SEARCH_PATHS = "$(inherited) @executable_path/Frameworks @loader_path/Frameworks";
				PRODUCT_BUNDLE_IDENTIFIER = com.waspmaster.WeekNewsTests;
				PRODUCT_NAME = "$(TARGET_NAME)";
				TEST_HOST = "$(BUILT_PRODUCTS_DIR)/WeekNews.app/WeekNews";
			};
			name = Debug;
		};
		84E3854F1CCB3B6600D36324 /* Release */ = {
			isa = XCBuildConfiguration;
			buildSettings = {
				BUNDLE_LOADER = "$(TEST_HOST)";
				INFOPLIST_FILE = WeekNewsTests/Info.plist;
				LD_RUNPATH_SEARCH_PATHS = "$(inherited) @executable_path/Frameworks @loader_path/Frameworks";
				PRODUCT_BUNDLE_IDENTIFIER = com.waspmaster.WeekNewsTests;
				PRODUCT_NAME = "$(TARGET_NAME)";
				TEST_HOST = "$(BUILT_PRODUCTS_DIR)/WeekNews.app/WeekNews";
			};
			name = Release;
		};
		84E385511CCB3B6600D36324 /* Debug */ = {
			isa = XCBuildConfiguration;
			buildSettings = {
				INFOPLIST_FILE = WeekNewsUITests/Info.plist;
				LD_RUNPATH_SEARCH_PATHS = "$(inherited) @executable_path/Frameworks @loader_path/Frameworks";
				PRODUCT_BUNDLE_IDENTIFIER = com.waspmaster.WeekNewsUITests;
				PRODUCT_NAME = "$(TARGET_NAME)";
				TEST_TARGET_NAME = WeekNews;
			};
			name = Debug;
		};
		84E385521CCB3B6600D36324 /* Release */ = {
			isa = XCBuildConfiguration;
			buildSettings = {
				INFOPLIST_FILE = WeekNewsUITests/Info.plist;
				LD_RUNPATH_SEARCH_PATHS = "$(inherited) @executable_path/Frameworks @loader_path/Frameworks";
				PRODUCT_BUNDLE_IDENTIFIER = com.waspmaster.WeekNewsUITests;
				PRODUCT_NAME = "$(TARGET_NAME)";
				TEST_TARGET_NAME = WeekNews;
			};
			name = Release;
		};
		84E385651CCB454900D36324 /* AppStore */ = {
			isa = XCBuildConfiguration;
			buildSettings = {
				ALWAYS_SEARCH_USER_PATHS = NO;
				CLANG_ANALYZER_NONNULL = YES;
				CLANG_CXX_LANGUAGE_STANDARD = "gnu++0x";
				CLANG_CXX_LIBRARY = "libc++";
				CLANG_ENABLE_MODULES = YES;
				CLANG_ENABLE_OBJC_ARC = YES;
				CLANG_WARN_BOOL_CONVERSION = YES;
				CLANG_WARN_CONSTANT_CONVERSION = YES;
				CLANG_WARN_DIRECT_OBJC_ISA_USAGE = YES_ERROR;
				CLANG_WARN_EMPTY_BODY = YES;
				CLANG_WARN_ENUM_CONVERSION = YES;
				CLANG_WARN_INT_CONVERSION = YES;
				CLANG_WARN_OBJC_ROOT_CLASS = YES_ERROR;
				CLANG_WARN_UNREACHABLE_CODE = YES;
				CLANG_WARN__DUPLICATE_METHOD_MATCH = YES;
				"CODE_SIGN_IDENTITY[sdk=iphoneos*]" = "iPhone Developer";
				COPY_PHASE_STRIP = NO;
				DEBUG_INFORMATION_FORMAT = "dwarf-with-dsym";
				ENABLE_NS_ASSERTIONS = NO;
				ENABLE_STRICT_OBJC_MSGSEND = YES;
				GCC_C_LANGUAGE_STANDARD = gnu99;
				GCC_NO_COMMON_BLOCKS = YES;
				GCC_WARN_64_TO_32_BIT_CONVERSION = YES;
				GCC_WARN_ABOUT_RETURN_TYPE = YES_ERROR;
				GCC_WARN_UNDECLARED_SELECTOR = YES;
				GCC_WARN_UNINITIALIZED_AUTOS = YES_AGGRESSIVE;
				GCC_WARN_UNUSED_FUNCTION = YES;
				GCC_WARN_UNUSED_VARIABLE = YES;
				IPHONEOS_DEPLOYMENT_TARGET = 9.3;
				MTL_ENABLE_DEBUG_INFO = NO;
				SDKROOT = iphoneos;
				VALIDATE_PRODUCT = YES;
			};
			name = AppStore;
		};
		84E385661CCB454900D36324 /* AppStore */ = {
			isa = XCBuildConfiguration;
			buildSettings = {
				ASSETCATALOG_COMPILER_APPICON_NAME = AppIcon;
				ASSETCATALOG_COMPILER_LAUNCHIMAGE_NAME = LaunchImage;
				GCC_PREFIX_HEADER = WeekNews/PrefixHeader.pch;
				GCC_PREPROCESSOR_DEFINITIONS = "OFFICIAL=1";
				INFOPLIST_FILE = WeekNews/Info.plist;
				LD_RUNPATH_SEARCH_PATHS = "$(inherited) @executable_path/Frameworks";
				PRODUCT_BUNDLE_IDENTIFIER = com.waspmaster.WeekNews;
				PRODUCT_NAME = "$(TARGET_NAME)";
			};
			name = AppStore;
		};
		84E385671CCB454900D36324 /* AppStore */ = {
			isa = XCBuildConfiguration;
			buildSettings = {
				BUNDLE_LOADER = "$(TEST_HOST)";
				INFOPLIST_FILE = WeekNewsTests/Info.plist;
				LD_RUNPATH_SEARCH_PATHS = "$(inherited) @executable_path/Frameworks @loader_path/Frameworks";
				PRODUCT_BUNDLE_IDENTIFIER = com.waspmaster.WeekNewsTests;
				PRODUCT_NAME = "$(TARGET_NAME)";
				TEST_HOST = "$(BUILT_PRODUCTS_DIR)/WeekNews.app/WeekNews";
			};
			name = AppStore;
		};
		84E385681CCB454900D36324 /* AppStore */ = {
			isa = XCBuildConfiguration;
			buildSettings = {
				INFOPLIST_FILE = WeekNewsUITests/Info.plist;
				LD_RUNPATH_SEARCH_PATHS = "$(inherited) @executable_path/Frameworks @loader_path/Frameworks";
				PRODUCT_BUNDLE_IDENTIFIER = com.waspmaster.WeekNewsUITests;
				PRODUCT_NAME = "$(TARGET_NAME)";
				TEST_TARGET_NAME = WeekNews;
			};
			name = AppStore;
		};
		84E3856D1CCB456B00D36324 /* Enterprise */ = {
			isa = XCBuildConfiguration;
			buildSettings = {
				ALWAYS_SEARCH_USER_PATHS = NO;
				CLANG_ANALYZER_NONNULL = YES;
				CLANG_CXX_LANGUAGE_STANDARD = "gnu++0x";
				CLANG_CXX_LIBRARY = "libc++";
				CLANG_ENABLE_MODULES = YES;
				CLANG_ENABLE_OBJC_ARC = YES;
				CLANG_WARN_BOOL_CONVERSION = YES;
				CLANG_WARN_CONSTANT_CONVERSION = YES;
				CLANG_WARN_DIRECT_OBJC_ISA_USAGE = YES_ERROR;
				CLANG_WARN_EMPTY_BODY = YES;
				CLANG_WARN_ENUM_CONVERSION = YES;
				CLANG_WARN_INT_CONVERSION = YES;
				CLANG_WARN_OBJC_ROOT_CLASS = YES_ERROR;
				CLANG_WARN_UNREACHABLE_CODE = YES;
				CLANG_WARN__DUPLICATE_METHOD_MATCH = YES;
				"CODE_SIGN_IDENTITY[sdk=iphoneos*]" = "iPhone Developer";
				COPY_PHASE_STRIP = NO;
				DEBUG_INFORMATION_FORMAT = "dwarf-with-dsym";
				ENABLE_NS_ASSERTIONS = NO;
				ENABLE_STRICT_OBJC_MSGSEND = YES;
				GCC_C_LANGUAGE_STANDARD = gnu99;
				GCC_NO_COMMON_BLOCKS = YES;
				GCC_WARN_64_TO_32_BIT_CONVERSION = YES;
				GCC_WARN_ABOUT_RETURN_TYPE = YES_ERROR;
				GCC_WARN_UNDECLARED_SELECTOR = YES;
				GCC_WARN_UNINITIALIZED_AUTOS = YES_AGGRESSIVE;
				GCC_WARN_UNUSED_FUNCTION = YES;
				GCC_WARN_UNUSED_VARIABLE = YES;
				IPHONEOS_DEPLOYMENT_TARGET = 9.3;
				MTL_ENABLE_DEBUG_INFO = NO;
				SDKROOT = iphoneos;
				VALIDATE_PRODUCT = YES;
			};
			name = Enterprise;
		};
		84E3856E1CCB456B00D36324 /* Enterprise */ = {
			isa = XCBuildConfiguration;
			buildSettings = {
				ASSETCATALOG_COMPILER_APPICON_NAME = AppIcon;
				ASSETCATALOG_COMPILER_LAUNCHIMAGE_NAME = LaunchImage;
				GCC_PREFIX_HEADER = WeekNews/PrefixHeader.pch;
				GCC_PREPROCESSOR_DEFINITIONS = "OFFICIAL=1";
				INFOPLIST_FILE = WeekNews/Info.plist;
				LD_RUNPATH_SEARCH_PATHS = "$(inherited) @executable_path/Frameworks";
				PRODUCT_BUNDLE_IDENTIFIER = com.waspmaster.WeekNews;
				PRODUCT_NAME = "$(TARGET_NAME)";
			};
			name = Enterprise;
		};
		84E3856F1CCB456B00D36324 /* Enterprise */ = {
			isa = XCBuildConfiguration;
			buildSettings = {
				BUNDLE_LOADER = "$(TEST_HOST)";
				INFOPLIST_FILE = WeekNewsTests/Info.plist;
				LD_RUNPATH_SEARCH_PATHS = "$(inherited) @executable_path/Frameworks @loader_path/Frameworks";
				PRODUCT_BUNDLE_IDENTIFIER = com.waspmaster.WeekNewsTests;
				PRODUCT_NAME = "$(TARGET_NAME)";
				TEST_HOST = "$(BUILT_PRODUCTS_DIR)/WeekNews.app/WeekNews";
			};
			name = Enterprise;
		};
		84E385701CCB456B00D36324 /* Enterprise */ = {
			isa = XCBuildConfiguration;
			buildSettings = {
				INFOPLIST_FILE = WeekNewsUITests/Info.plist;
				LD_RUNPATH_SEARCH_PATHS = "$(inherited) @executable_path/Frameworks @loader_path/Frameworks";
				PRODUCT_BUNDLE_IDENTIFIER = com.waspmaster.WeekNewsUITests;
				PRODUCT_NAME = "$(TARGET_NAME)";
				TEST_TARGET_NAME = WeekNews;
			};
			name = Enterprise;
		};
		84E385711CCB457E00D36324 /* AdHoc */ = {
			isa = XCBuildConfiguration;
			buildSettings = {
				ALWAYS_SEARCH_USER_PATHS = NO;
				CLANG_ANALYZER_NONNULL = YES;
				CLANG_CXX_LANGUAGE_STANDARD = "gnu++0x";
				CLANG_CXX_LIBRARY = "libc++";
				CLANG_ENABLE_MODULES = YES;
				CLANG_ENABLE_OBJC_ARC = YES;
				CLANG_WARN_BOOL_CONVERSION = YES;
				CLANG_WARN_CONSTANT_CONVERSION = YES;
				CLANG_WARN_DIRECT_OBJC_ISA_USAGE = YES_ERROR;
				CLANG_WARN_EMPTY_BODY = YES;
				CLANG_WARN_ENUM_CONVERSION = YES;
				CLANG_WARN_INT_CONVERSION = YES;
				CLANG_WARN_OBJC_ROOT_CLASS = YES_ERROR;
				CLANG_WARN_UNREACHABLE_CODE = YES;
				CLANG_WARN__DUPLICATE_METHOD_MATCH = YES;
				"CODE_SIGN_IDENTITY[sdk=iphoneos*]" = "iPhone Developer";
				COPY_PHASE_STRIP = NO;
				DEBUG_INFORMATION_FORMAT = "dwarf-with-dsym";
				ENABLE_NS_ASSERTIONS = NO;
				ENABLE_STRICT_OBJC_MSGSEND = YES;
				GCC_C_LANGUAGE_STANDARD = gnu99;
				GCC_NO_COMMON_BLOCKS = YES;
				GCC_WARN_64_TO_32_BIT_CONVERSION = YES;
				GCC_WARN_ABOUT_RETURN_TYPE = YES_ERROR;
				GCC_WARN_UNDECLARED_SELECTOR = YES;
				GCC_WARN_UNINITIALIZED_AUTOS = YES_AGGRESSIVE;
				GCC_WARN_UNUSED_FUNCTION = YES;
				GCC_WARN_UNUSED_VARIABLE = YES;
				IPHONEOS_DEPLOYMENT_TARGET = 9.3;
				MTL_ENABLE_DEBUG_INFO = NO;
				SDKROOT = iphoneos;
				VALIDATE_PRODUCT = YES;
			};
			name = AdHoc;
		};
		84E385721CCB457E00D36324 /* AdHoc */ = {
			isa = XCBuildConfiguration;
			buildSettings = {
				ASSETCATALOG_COMPILER_APPICON_NAME = AppIcon;
				ASSETCATALOG_COMPILER_LAUNCHIMAGE_NAME = LaunchImage;
				GCC_PREFIX_HEADER = WeekNews/PrefixHeader.pch;
				INFOPLIST_FILE = WeekNews/Info.plist;
				LD_RUNPATH_SEARCH_PATHS = "$(inherited) @executable_path/Frameworks";
				PRODUCT_BUNDLE_IDENTIFIER = com.waspmaster.WeekNews;
				PRODUCT_NAME = "$(TARGET_NAME)";
			};
			name = AdHoc;
		};
		84E385731CCB457E00D36324 /* AdHoc */ = {
			isa = XCBuildConfiguration;
			buildSettings = {
				BUNDLE_LOADER = "$(TEST_HOST)";
				INFOPLIST_FILE = WeekNewsTests/Info.plist;
				LD_RUNPATH_SEARCH_PATHS = "$(inherited) @executable_path/Frameworks @loader_path/Frameworks";
				PRODUCT_BUNDLE_IDENTIFIER = com.waspmaster.WeekNewsTests;
				PRODUCT_NAME = "$(TARGET_NAME)";
				TEST_HOST = "$(BUILT_PRODUCTS_DIR)/WeekNews.app/WeekNews";
			};
			name = AdHoc;
		};
		84E385741CCB457E00D36324 /* AdHoc */ = {
			isa = XCBuildConfiguration;
			buildSettings = {
				INFOPLIST_FILE = WeekNewsUITests/Info.plist;
				LD_RUNPATH_SEARCH_PATHS = "$(inherited) @executable_path/Frameworks @loader_path/Frameworks";
				PRODUCT_BUNDLE_IDENTIFIER = com.waspmaster.WeekNewsUITests;
				PRODUCT_NAME = "$(TARGET_NAME)";
				TEST_TARGET_NAME = WeekNews;
			};
			name = AdHoc;
		};
/* End XCBuildConfiguration section */

/* Begin XCConfigurationList section */
		84E385181CCB3B6600D36324 /* Build configuration list for PBXProject "WeekNews" */ = {
			isa = XCConfigurationList;
			buildConfigurations = (
				84E385481CCB3B6600D36324 /* Debug */,
				84E385491CCB3B6600D36324 /* Release */,
				84E385651CCB454900D36324 /* AppStore */,
				84E385711CCB457E00D36324 /* AdHoc */,
				84E3856D1CCB456B00D36324 /* Enterprise */,
			);
			defaultConfigurationIsVisible = 0;
			defaultConfigurationName = Release;
		};
		84E3854A1CCB3B6600D36324 /* Build configuration list for PBXNativeTarget "WeekNews" */ = {
			isa = XCConfigurationList;
			buildConfigurations = (
				84E3854B1CCB3B6600D36324 /* Debug */,
				84E3854C1CCB3B6600D36324 /* Release */,
				84E385661CCB454900D36324 /* AppStore */,
				84E385721CCB457E00D36324 /* AdHoc */,
				84E3856E1CCB456B00D36324 /* Enterprise */,
			);
			defaultConfigurationIsVisible = 0;
			defaultConfigurationName = Release;
		};
		84E3854D1CCB3B6600D36324 /* Build configuration list for PBXNativeTarget "WeekNewsTests" */ = {
			isa = XCConfigurationList;
			buildConfigurations = (
				84E3854E1CCB3B6600D36324 /* Debug */,
				84E3854F1CCB3B6600D36324 /* Release */,
				84E385671CCB454900D36324 /* AppStore */,
				84E385731CCB457E00D36324 /* AdHoc */,
				84E3856F1CCB456B00D36324 /* Enterprise */,
			);
			defaultConfigurationIsVisible = 0;
			defaultConfigurationName = Release;
		};
		84E385501CCB3B6600D36324 /* Build configuration list for PBXNativeTarget "WeekNewsUITests" */ = {
			isa = XCConfigurationList;
			buildConfigurations = (
				84E385511CCB3B6600D36324 /* Debug */,
				84E385521CCB3B6600D36324 /* Release */,
				84E385681CCB454900D36324 /* AppStore */,
				84E385741CCB457E00D36324 /* AdHoc */,
				84E385701CCB456B00D36324 /* Enterprise */,
			);
			defaultConfigurationIsVisible = 0;
			defaultConfigurationName = Release;
		};
/* End XCConfigurationList section */
	};
	rootObject = 84E385151CCB3B6600D36324 /* Project object */;
}
