// !$*UTF8*$!
{
	archiveVersion = 1;
	classes = {
	};
	objectVersion = 46;
	objects = {

/* Begin PBXBuildFile section */
		841E4A2D1CCC8E34008D6D80 /* DiscoveryIcon@2x.png in Resources */ = {isa = PBXBuildFile; fileRef = 841E4A201CCC8E34008D6D80 /* DiscoveryIcon@2x.png */; };
		841E4A2E1CCC8E34008D6D80 /* DiscoveryIconSelect@2x.png in Resources */ = {isa = PBXBuildFile; fileRef = 841E4A211CCC8E34008D6D80 /* DiscoveryIconSelect@2x.png */; };
		841E4A2F1CCC8E34008D6D80 /* MyIcon@2x.png in Resources */ = {isa = PBXBuildFile; fileRef = 841E4A221CCC8E34008D6D80 /* MyIcon@2x.png */; };
		841E4A301CCC8E34008D6D80 /* MyIconSelect@2x.png in Resources */ = {isa = PBXBuildFile; fileRef = 841E4A231CCC8E34008D6D80 /* MyIconSelect@2x.png */; };
		841E4A311CCC8E34008D6D80 /* NewsIcon@2x.png in Resources */ = {isa = PBXBuildFile; fileRef = 841E4A241CCC8E34008D6D80 /* NewsIcon@2x.png */; };
		841E4A321CCC8E34008D6D80 /* NewsIconSelect@2x.png in Resources */ = {isa = PBXBuildFile; fileRef = 841E4A251CCC8E34008D6D80 /* NewsIconSelect@2x.png */; };
		841E4A331CCC8E34008D6D80 /* ReaderIcon@2x.png in Resources */ = {isa = PBXBuildFile; fileRef = 841E4A261CCC8E34008D6D80 /* ReaderIcon@2x.png */; };
		841E4A341CCC8E34008D6D80 /* ReaderIconSelect@2x.png in Resources */ = {isa = PBXBuildFile; fileRef = 841E4A271CCC8E34008D6D80 /* ReaderIconSelect@2x.png */; };
		841E4A351CCC8E34008D6D80 /* tabbar_icon_media_highlight@2x.png in Resources */ = {isa = PBXBuildFile; fileRef = 841E4A281CCC8E34008D6D80 /* tabbar_icon_media_highlight@2x.png */; };
		841E4A361CCC8E34008D6D80 /* tabbar_icon_media_normal@2x.png in Resources */ = {isa = PBXBuildFile; fileRef = 841E4A291CCC8E34008D6D80 /* tabbar_icon_media_normal@2x.png */; };
		841E4A371CCC8E34008D6D80 /* TabBarShadow@2x.png in Resources */ = {isa = PBXBuildFile; fileRef = 841E4A2A1CCC8E34008D6D80 /* TabBarShadow@2x.png */; };
		841E4A381CCC8E34008D6D80 /* VoiceIcon@2x.png in Resources */ = {isa = PBXBuildFile; fileRef = 841E4A2B1CCC8E34008D6D80 /* VoiceIcon@2x.png */; };
		841E4A391CCC8E34008D6D80 /* VoiceIconSelect@2x.png in Resources */ = {isa = PBXBuildFile; fileRef = 841E4A2C1CCC8E34008D6D80 /* VoiceIconSelect@2x.png */; };
		841E4A3D1CCC93FA008D6D80 /* TabBarPages.plist in Resources */ = {isa = PBXBuildFile; fileRef = 841E4A3C1CCC93F9008D6D80 /* TabBarPages.plist */; };
		841E4A401CCC9665008D6D80 /* PageInfo.m in Sources */ = {isa = PBXBuildFile; fileRef = 841E4A3F1CCC9665008D6D80 /* PageInfo.m */; };
		841E4A451CCCA7DA008D6D80 /* FavoriteIcon@2x.ico in Resources */ = {isa = PBXBuildFile; fileRef = 841E4A431CCCA7DA008D6D80 /* FavoriteIcon@2x.ico */; };
		841E4A461CCCA7DA008D6D80 /* FavoriteIconSelect@2x.ico in Resources */ = {isa = PBXBuildFile; fileRef = 841E4A441CCCA7DA008D6D80 /* FavoriteIconSelect@2x.ico */; };
		841E4A4C1CCCABE8008D6D80 /* ColumnBarLeft@2x.png in Resources */ = {isa = PBXBuildFile; fileRef = 841E4A4A1CCCABE8008D6D80 /* ColumnBarLeft@2x.png */; };
		841E4A4D1CCCABE8008D6D80 /* ColumnBarRight@2x.png in Resources */ = {isa = PBXBuildFile; fileRef = 841E4A4B1CCCABE8008D6D80 /* ColumnBarRight@2x.png */; };
		841E4A4F1CCCB1CA008D6D80 /* ColumnBarWidget.xib in Resources */ = {isa = PBXBuildFile; fileRef = 841E4A4E1CCCB1CA008D6D80 /* ColumnBarWidget.xib */; };
		841E4A511CCCB763008D6D80 /* ColumnsItems.plist in Resources */ = {isa = PBXBuildFile; fileRef = 841E4A501CCCB763008D6D80 /* ColumnsItems.plist */; };
		841E4A551CCCD1A7008D6D80 /* NewsCell.xib in Resources */ = {isa = PBXBuildFile; fileRef = 841E4A541CCCD1A7008D6D80 /* NewsCell.xib */; };
		841E4A581CCCD261008D6D80 /* FxLandscapeTableView.m in Sources */ = {isa = PBXBuildFile; fileRef = 841E4A571CCCD261008D6D80 /* FxLandscapeTableView.m */; };
		841E4A5A1CCCD395008D6D80 /* NewsPage.xib in Resources */ = {isa = PBXBuildFile; fileRef = 841E4A591CCCD395008D6D80 /* NewsPage.xib */; };
		841E4A611CCCD5DC008D6D80 /* Icon60@2x.png in Resources */ = {isa = PBXBuildFile; fileRef = 841E4A5C1CCCD5DC008D6D80 /* Icon60@2x.png */; };
		841E4A621CCCD5DC008D6D80 /* NewsDefault@2x.png in Resources */ = {isa = PBXBuildFile; fileRef = 841E4A5D1CCCD5DC008D6D80 /* NewsDefault@2x.png */; };
		841E4A631CCCD5DC008D6D80 /* WeatherBack@2x.png in Resources */ = {isa = PBXBuildFile; fileRef = 841E4A5E1CCCD5DC008D6D80 /* WeatherBack@2x.png */; };
		841E4A641CCCD5DC008D6D80 /* WeatherLocation@2x.png in Resources */ = {isa = PBXBuildFile; fileRef = 841E4A5F1CCCD5DC008D6D80 /* WeatherLocation@2x.png */; };
		841E4A651CCCD5DC008D6D80 /* WeatherShare@2x.png in Resources */ = {isa = PBXBuildFile; fileRef = 841E4A601CCCD5DC008D6D80 /* WeatherShare@2x.png */; };
		841E4A681CCCD778008D6D80 /* FxLandscapeCell.m in Sources */ = {isa = PBXBuildFile; fileRef = 841E4A671CCCD778008D6D80 /* FxLandscapeCell.m */; };
		841E4A6B1CCCD965008D6D80 /* NewsLandscapeCell.m in Sources */ = {isa = PBXBuildFile; fileRef = 841E4A6A1CCCD965008D6D80 /* NewsLandscapeCell.m */; };
		848D58911CCD1C8600845671 /* NewsWidget.xib in Resources */ = {isa = PBXBuildFile; fileRef = 848D58901CCD1C8600845671 /* NewsWidget.xib */; };
		848D58941CCD498D00845671 /* NewsMoreCell.m in Sources */ = {isa = PBXBuildFile; fileRef = 848D58931CCD498D00845671 /* NewsMoreCell.m */; };
		848D58961CCD49FA00845671 /* NewsMoreCell.xib in Resources */ = {isa = PBXBuildFile; fileRef = 848D58951CCD49FA00845671 /* NewsMoreCell.xib */; };
		848D58991CCD514F00845671 /* FxDownload.m in Sources */ = {isa = PBXBuildFile; fileRef = 848D58981CCD514F00845671 /* FxDownload.m */; };
		848D589C1CCD537B00845671 /* ContentInfo.m in Sources */ = {isa = PBXBuildFile; fileRef = 848D589B1CCD537B00845671 /* ContentInfo.m */; };
		848D589F1CCD53BB00845671 /* ContentImageInfo.m in Sources */ = {isa = PBXBuildFile; fileRef = 848D589E1CCD53BB00845671 /* ContentImageInfo.m */; };
		848D58A21CCD54EB00845671 /* FxBaseNavPage.m in Sources */ = {isa = PBXBuildFile; fileRef = 848D58A11CCD54EB00845671 /* FxBaseNavPage.m */; };
		848D58A51CCD550500845671 /* FxBaseWebPage.m in Sources */ = {isa = PBXBuildFile; fileRef = 848D58A41CCD550500845671 /* FxBaseWebPage.m */; };
		848D58A81CCD57A200845671 /* FxStatis.m in Sources */ = {isa = PBXBuildFile; fileRef = 848D58A71CCD57A200845671 /* FxStatis.m */; };
		848D58AB1CCD591200845671 /* FxGetContent.m in Sources */ = {isa = PBXBuildFile; fileRef = 848D58AA1CCD591200845671 /* FxGetContent.m */; };
		848D58AD1CCD5A3100845671 /* DetailPage.xib in Resources */ = {isa = PBXBuildFile; fileRef = 848D58AC1CCD5A3100845671 /* DetailPage.xib */; };
		848D58B31CCD64DF00845671 /* content_template.html in Resources */ = {isa = PBXBuildFile; fileRef = 848D58AF1CCD64DF00845671 /* content_template.html */; };
		848D58B41CCD64DF00845671 /* content_template2.html in Resources */ = {isa = PBXBuildFile; fileRef = 848D58B01CCD64DF00845671 /* content_template2.html */; };
		848D58B51CCD64DF00845671 /* content.css in Resources */ = {isa = PBXBuildFile; fileRef = 848D58B11CCD64DF00845671 /* content.css */; };
		848D58B61CCD64DF00845671 /* content.js in Resources */ = {isa = PBXBuildFile; fileRef = 848D58B21CCD64DF00845671 /* content.js */; };
		84E385221CCB3B6600D36324 /* main.m in Sources */ = {isa = PBXBuildFile; fileRef = 84E385211CCB3B6600D36324 /* main.m */; };
		84E385251CCB3B6600D36324 /* AppDelegate.m in Sources */ = {isa = PBXBuildFile; fileRef = 84E385241CCB3B6600D36324 /* AppDelegate.m */; };
		84E385281CCB3B6600D36324 /* HomePage.m in Sources */ = {isa = PBXBuildFile; fileRef = 84E385271CCB3B6600D36324 /* HomePage.m */; };
		84E3852D1CCB3B6600D36324 /* Assets.xcassets in Resources */ = {isa = PBXBuildFile; fileRef = 84E3852C1CCB3B6600D36324 /* Assets.xcassets */; };
		84E3853B1CCB3B6600D36324 /* WeekNewsTests.m in Sources */ = {isa = PBXBuildFile; fileRef = 84E3853A1CCB3B6600D36324 /* WeekNewsTests.m */; };
		84E385461CCB3B6600D36324 /* WeekNewsUITests.m in Sources */ = {isa = PBXBuildFile; fileRef = 84E385451CCB3B6600D36324 /* WeekNewsUITests.m */; };
		84E385791CCB4DC400D36324 /* FxBasePage.m in Sources */ = {isa = PBXBuildFile; fileRef = 84E385781CCB4DC400D36324 /* FxBasePage.m */; };
		84E385861CCB591C00D36324 /* AdvertInfo.m in Sources */ = {isa = PBXBuildFile; fileRef = 84E3857F1CCB591C00D36324 /* AdvertInfo.m */; };
		84E385871CCB591C00D36324 /* BaseInfo.m in Sources */ = {isa = PBXBuildFile; fileRef = 84E385811CCB591C00D36324 /* BaseInfo.m */; };
		84E385881CCB591C00D36324 /* ColumnInfo.m in Sources */ = {isa = PBXBuildFile; fileRef = 84E385831CCB591C00D36324 /* ColumnInfo.m */; };
		84E385891CCB591C00D36324 /* NewsInfo.m in Sources */ = {isa = PBXBuildFile; fileRef = 84E385851CCB591C00D36324 /* NewsInfo.m */; };
		84E3858E1CCB5D0200D36324 /* FxBaseController.m in Sources */ = {isa = PBXBuildFile; fileRef = 84E3858D1CCB5D0200D36324 /* FxBaseController.m */; };
		84E385AB1CCB602000D36324 /* FxJSON.m in Sources */ = {isa = PBXBuildFile; fileRef = 84E385A21CCB602000D36324 /* FxJSON.m */; settings = {COMPILER_FLAGS = "-fno-objc-arc"; }; };
		84E385AC1CCB602000D36324 /* FxJsonBase.m in Sources */ = {isa = PBXBuildFile; fileRef = 84E385A41CCB602000D36324 /* FxJsonBase.m */; settings = {COMPILER_FLAGS = "-fno-objc-arc"; }; };
		84E385AD1CCB602000D36324 /* FxJsonParser.m in Sources */ = {isa = PBXBuildFile; fileRef = 84E385A61CCB602000D36324 /* FxJsonParser.m */; settings = {COMPILER_FLAGS = "-fno-objc-arc"; }; };
		84E385AE1CCB602000D36324 /* FxJsonUtility.m in Sources */ = {isa = PBXBuildFile; fileRef = 84E385A81CCB602000D36324 /* FxJsonUtility.m */; settings = {COMPILER_FLAGS = "-fno-objc-arc"; }; };
		84E385AF1CCB602000D36324 /* FxJsonWriter.m in Sources */ = {isa = PBXBuildFile; fileRef = 84E385AA1CCB602000D36324 /* FxJsonWriter.m */; settings = {COMPILER_FLAGS = "-fno-objc-arc"; }; };
		84E385B21CCB64A200D36324 /* FxBaseOperation.m in Sources */ = {isa = PBXBuildFile; fileRef = 84E385B11CCB64A200D36324 /* FxBaseOperation.m */; };
		84E385B51CCB68D800D36324 /* FxGetAdvert.m in Sources */ = {isa = PBXBuildFile; fileRef = 84E385B41CCB68D800D36324 /* FxGetAdvert.m */; };
		84E385B81CCB696800D36324 /* FxGetColumn.m in Sources */ = {isa = PBXBuildFile; fileRef = 84E385B71CCB696800D36324 /* FxGetColumn.m */; };
		84E385BB1CCB697700D36324 /* FxGetNews.m in Sources */ = {isa = PBXBuildFile; fileRef = 84E385BA1CCB697700D36324 /* FxGetNews.m */; };
		84E385BE1CCB6BF400D36324 /* AdvertPage.m in Sources */ = {isa = PBXBuildFile; fileRef = 84E385BD1CCB6BF400D36324 /* AdvertPage.m */; };
		84E385C11CCB6D4E00D36324 /* NewsPage.m in Sources */ = {isa = PBXBuildFile; fileRef = 84E385C01CCB6D4E00D36324 /* NewsPage.m */; };
		84E385C41CCB6D8700D36324 /* FavoritePage.m in Sources */ = {isa = PBXBuildFile; fileRef = 84E385C31CCB6D8700D36324 /* FavoritePage.m */; };
		84E385C71CCB6D9D00D36324 /* MyPage.m in Sources */ = {isa = PBXBuildFile; fileRef = 84E385C61CCB6D9D00D36324 /* MyPage.m */; };
		84E385CA1CCB6DD900D36324 /* DetailPage.m in Sources */ = {isa = PBXBuildFile; fileRef = 84E385C91CCB6DD900D36324 /* DetailPage.m */; };
		84E385CD1CCB6E2400D36324 /* FxBaseWidget.m in Sources */ = {isa = PBXBuildFile; fileRef = 84E385CC1CCB6E2400D36324 /* FxBaseWidget.m */; };
		84E385D01CCB6E7C00D36324 /* FxTableWidget.m in Sources */ = {isa = PBXBuildFile; fileRef = 84E385CF1CCB6E7C00D36324 /* FxTableWidget.m */; };
		84E385D31CCB6EC500D36324 /* ColumnBarWidget.m in Sources */ = {isa = PBXBuildFile; fileRef = 84E385D21CCB6EC500D36324 /* ColumnBarWidget.m */; };
		84E385D61CCB6EE300D36324 /* NewsWidget.m in Sources */ = {isa = PBXBuildFile; fileRef = 84E385D51CCB6EE300D36324 /* NewsWidget.m */; };
		84E385D91CCB6F3400D36324 /* FavoriteWidget.m in Sources */ = {isa = PBXBuildFile; fileRef = 84E385D81CCB6F3400D36324 /* FavoriteWidget.m */; };
		84E385DC1CCB6FCA00D36324 /* FxBaseCell.m in Sources */ = {isa = PBXBuildFile; fileRef = 84E385DB1CCB6FCA00D36324 /* FxBaseCell.m */; };
		84E385DF1CCB700C00D36324 /* NewsCell.m in Sources */ = {isa = PBXBuildFile; fileRef = 84E385DE1CCB700C00D36324 /* NewsCell.m */; };
		84E385E21CCB701A00D36324 /* FavoriteCell.m in Sources */ = {isa = PBXBuildFile; fileRef = 84E385E11CCB701A00D36324 /* FavoriteCell.m */; };
		84E385E51CCB716B00D36324 /* UserInfo.m in Sources */ = {isa = PBXBuildFile; fileRef = 84E385E41CCB716B00D36324 /* UserInfo.m */; };
		84E385E81CCB720100D36324 /* FxLogin.m in Sources */ = {isa = PBXBuildFile; fileRef = 84E385E71CCB720100D36324 /* FxLogin.m */; };
		84E385EB1CCB72BE00D36324 /* LoginPage.m in Sources */ = {isa = PBXBuildFile; fileRef = 84E385EA1CCB72BE00D36324 /* LoginPage.m */; };
		84E385ED1CCB739800D36324 /* LoginPage.xib in Resources */ = {isa = PBXBuildFile; fileRef = 84E385EC1CCB739800D36324 /* LoginPage.xib */; };
		84E385F61CCB75E400D36324 /* account_snslogin_icon_1@2x.png in Resources */ = {isa = PBXBuildFile; fileRef = 84E385EF1CCB75E400D36324 /* account_snslogin_icon_1@2x.png */; };
		84E385F71CCB75E400D36324 /* account_snslogin_icon_3@2x.png in Resources */ = {isa = PBXBuildFile; fileRef = 84E385F01CCB75E400D36324 /* account_snslogin_icon_3@2x.png */; };
		84E385F81CCB75E400D36324 /* home_page_line_vertical@2x.png in Resources */ = {isa = PBXBuildFile; fileRef = 84E385F11CCB75E400D36324 /* home_page_line_vertical@2x.png */; };
		84E385F91CCB75E400D36324 /* login_button@2x.png in Resources */ = {isa = PBXBuildFile; fileRef = 84E385F21CCB75E400D36324 /* login_button@2x.png */; };
		84E385FA1CCB75E400D36324 /* login_forgot_button@2x.png in Resources */ = {isa = PBXBuildFile; fileRef = 84E385F31CCB75E400D36324 /* login_forgot_button@2x.png */; };
		84E385FB1CCB75E400D36324 /* login_password_icon@2x.png in Resources */ = {isa = PBXBuildFile; fileRef = 84E385F41CCB75E400D36324 /* login_password_icon@2x.png */; };
		84E385FC1CCB75E400D36324 /* login_username_icon@2x.png in Resources */ = {isa = PBXBuildFile; fileRef = 84E385F51CCB75E400D36324 /* login_username_icon@2x.png */; };
		84E385FE1CCB8E9900D36324 /* AdvertPage.xib in Resources */ = {isa = PBXBuildFile; fileRef = 84E385FD1CCB8E9900D36324 /* AdvertPage.xib */; };
		84E3860D1CCB91C000D36324 /* FxActivity.m in Sources */ = {isa = PBXBuildFile; fileRef = 84E386001CCB91C000D36324 /* FxActivity.m */; };
		84E3860E1CCB91C000D36324 /* FxActivityIndicator.m in Sources */ = {isa = PBXBuildFile; fileRef = 84E386021CCB91C000D36324 /* FxActivityIndicator.m */; settings = {COMPILER_FLAGS = "-fno-objc-arc"; }; };
		84E3860F1CCB91C000D36324 /* FxAppSetting.m in Sources */ = {isa = PBXBuildFile; fileRef = 84E386041CCB91C000D36324 /* FxAppSetting.m */; };
		84E386101CCB91C000D36324 /* FxButtonHelper.m in Sources */ = {isa = PBXBuildFile; fileRef = 84E386061CCB91C000D36324 /* FxButtonHelper.m */; };
		84E386111CCB91C000D36324 /* FxDate.m in Sources */ = {isa = PBXBuildFile; fileRef = 84E386081CCB91C000D36324 /* FxDate.m */; };
		84E386121CCB91C000D36324 /* FxFileUtility.m in Sources */ = {isa = PBXBuildFile; fileRef = 84E3860A1CCB91C000D36324 /* FxFileUtility.m */; };
		84E386131CCB91C000D36324 /* FxString.m in Sources */ = {isa = PBXBuildFile; fileRef = 84E3860C1CCB91C000D36324 /* FxString.m */; settings = {COMPILER_FLAGS = "-fno-objc-arc"; }; };
		84E386161CCB923500D36324 /* FxGetImage.m in Sources */ = {isa = PBXBuildFile; fileRef = 84E386151CCB923500D36324 /* FxGetImage.m */; };
		84E386191CCB93AA00D36324 /* FxGlobal.m in Sources */ = {isa = PBXBuildFile; fileRef = 84E386181CCB93AA00D36324 /* FxGlobal.m */; };
		84E386251CCBA8C800D36324 /* NavBarAlpha.png in Resources */ = {isa = PBXBuildFile; fileRef = 84E3861B1CCBA8C800D36324 /* NavBarAlpha.png */; };
		84E386261CCBA8C800D36324 /* NavBarIcon@2x.png in Resources */ = {isa = PBXBuildFile; fileRef = 84E3861C1CCBA8C800D36324 /* NavBarIcon@2x.png */; };
		84E386271CCBA8C800D36324 /* NavBarWhite44@2x.png in Resources */ = {isa = PBXBuildFile; fileRef = 84E3861D1CCBA8C800D36324 /* NavBarWhite44@2x.png */; };
		84E386281CCBA8C800D36324 /* NavBarWhite64@2x.png in Resources */ = {isa = PBXBuildFile; fileRef = 84E3861E1CCBA8C800D36324 /* NavBarWhite64@2x.png */; };
		84E386291CCBA8C800D36324 /* NavigationBack@2x.png in Resources */ = {isa = PBXBuildFile; fileRef = 84E3861F1CCBA8C800D36324 /* NavigationBack@2x.png */; };
		84E3862A1CCBA8C800D36324 /* NavigationBackBlack@2x.png in Resources */ = {isa = PBXBuildFile; fileRef = 84E386201CCBA8C800D36324 /* NavigationBackBlack@2x.png */; };
		84E3862B1CCBA8C800D36324 /* NavigationBar44@2x.png in Resources */ = {isa = PBXBuildFile; fileRef = 84E386211CCBA8C800D36324 /* NavigationBar44@2x.png */; };
		84E3862C1CCBA8C800D36324 /* NavigationBar64@2x.png in Resources */ = {isa = PBXBuildFile; fileRef = 84E386221CCBA8C800D36324 /* NavigationBar64@2x.png */; };
		84E3862D1CCBA8C800D36324 /* NavigationBell@2x.png in Resources */ = {isa = PBXBuildFile; fileRef = 84E386231CCBA8C800D36324 /* NavigationBell@2x.png */; };
		84E3862E1CCBA8C800D36324 /* NavigationSquare@2x.png in Resources */ = {isa = PBXBuildFile; fileRef = 84E386241CCBA8C800D36324 /* NavigationSquare@2x.png */; };
/* End PBXBuildFile section */

/* Begin PBXContainerItemProxy section */
		84E385371CCB3B6600D36324 /* PBXContainerItemProxy */ = {
			isa = PBXContainerItemProxy;
			containerPortal = 84E385151CCB3B6600D36324 /* Project object */;
			proxyType = 1;
			remoteGlobalIDString = 84E3851C1CCB3B6600D36324;
			remoteInfo = WeekNews;
		};
		84E385421CCB3B6600D36324 /* PBXContainerItemProxy */ = {
			isa = PBXContainerItemProxy;
			containerPortal = 84E385151CCB3B6600D36324 /* Project object */;
			proxyType = 1;
			remoteGlobalIDString = 84E3851C1CCB3B6600D36324;
			remoteInfo = WeekNews;
		};
/* End PBXContainerItemProxy section */

/* Begin PBXFileReference section */
		841E4A201CCC8E34008D6D80 /* DiscoveryIcon@2x.png */ = {isa = PBXFileReference; lastKnownFileType = image.png; path = "DiscoveryIcon@2x.png"; sourceTree = "<group>"; };
		841E4A211CCC8E34008D6D80 /* DiscoveryIconSelect@2x.png */ = {isa = PBXFileReference; lastKnownFileType = image.png; path = "DiscoveryIconSelect@2x.png"; sourceTree = "<group>"; };
		841E4A221CCC8E34008D6D80 /* MyIcon@2x.png */ = {isa = PBXFileReference; lastKnownFileType = image.png; path = "MyIcon@2x.png"; sourceTree = "<group>"; };
		841E4A231CCC8E34008D6D80 /* MyIconSelect@2x.png */ = {isa = PBXFileReference; lastKnownFileType = image.png; path = "MyIconSelect@2x.png"; sourceTree = "<group>"; };
		841E4A241CCC8E34008D6D80 /* NewsIcon@2x.png */ = {isa = PBXFileReference; lastKnownFileType = image.png; path = "NewsIcon@2x.png"; sourceTree = "<group>"; };
		841E4A251CCC8E34008D6D80 /* NewsIconSelect@2x.png */ = {isa = PBXFileReference; lastKnownFileType = image.png; path = "NewsIconSelect@2x.png"; sourceTree = "<group>"; };
		841E4A261CCC8E34008D6D80 /* ReaderIcon@2x.png */ = {isa = PBXFileReference; lastKnownFileType = image.png; path = "ReaderIcon@2x.png"; sourceTree = "<group>"; };
		841E4A271CCC8E34008D6D80 /* ReaderIconSelect@2x.png */ = {isa = PBXFileReference; lastKnownFileType = image.png; path = "ReaderIconSelect@2x.png"; sourceTree = "<group>"; };
		841E4A281CCC8E34008D6D80 /* tabbar_icon_media_highlight@2x.png */ = {isa = PBXFileReference; lastKnownFileType = image.png; path = "tabbar_icon_media_highlight@2x.png"; sourceTree = "<group>"; };
		841E4A291CCC8E34008D6D80 /* tabbar_icon_media_normal@2x.png */ = {isa = PBXFileReference; lastKnownFileType = image.png; path = "tabbar_icon_media_normal@2x.png"; sourceTree = "<group>"; };
		841E4A2A1CCC8E34008D6D80 /* TabBarShadow@2x.png */ = {isa = PBXFileReference; lastKnownFileType = image.png; path = "TabBarShadow@2x.png"; sourceTree = "<group>"; };
		841E4A2B1CCC8E34008D6D80 /* VoiceIcon@2x.png */ = {isa = PBXFileReference; lastKnownFileType = image.png; path = "VoiceIcon@2x.png"; sourceTree = "<group>"; };
		841E4A2C1CCC8E34008D6D80 /* VoiceIconSelect@2x.png */ = {isa = PBXFileReference; lastKnownFileType = image.png; path = "VoiceIconSelect@2x.png"; sourceTree = "<group>"; };
		841E4A3C1CCC93F9008D6D80 /* TabBarPages.plist */ = {isa = PBXFileReference; fileEncoding = 4; lastKnownFileType = text.plist.xml; path = TabBarPages.plist; sourceTree = "<group>"; };
		841E4A3E1CCC9665008D6D80 /* PageInfo.h */ = {isa = PBXFileReference; fileEncoding = 4; lastKnownFileType = sourcecode.c.h; path = PageInfo.h; sourceTree = "<group>"; };
		841E4A3F1CCC9665008D6D80 /* PageInfo.m */ = {isa = PBXFileReference; fileEncoding = 4; lastKnownFileType = sourcecode.c.objc; path = PageInfo.m; sourceTree = "<group>"; };
		841E4A431CCCA7DA008D6D80 /* FavoriteIcon@2x.ico */ = {isa = PBXFileReference; lastKnownFileType = image.ico; path = "FavoriteIcon@2x.ico"; sourceTree = "<group>"; };
		841E4A441CCCA7DA008D6D80 /* FavoriteIconSelect@2x.ico */ = {isa = PBXFileReference; lastKnownFileType = image.ico; path = "FavoriteIconSelect@2x.ico"; sourceTree = "<group>"; };
		841E4A4A1CCCABE8008D6D80 /* ColumnBarLeft@2x.png */ = {isa = PBXFileReference; lastKnownFileType = image.png; path = "ColumnBarLeft@2x.png"; sourceTree = "<group>"; };
		841E4A4B1CCCABE8008D6D80 /* ColumnBarRight@2x.png */ = {isa = PBXFileReference; lastKnownFileType = image.png; path = "ColumnBarRight@2x.png"; sourceTree = "<group>"; };
		841E4A4E1CCCB1CA008D6D80 /* ColumnBarWidget.xib */ = {isa = PBXFileReference; fileEncoding = 4; lastKnownFileType = file.xib; path = ColumnBarWidget.xib; sourceTree = "<group>"; };
		841E4A501CCCB763008D6D80 /* ColumnsItems.plist */ = {isa = PBXFileReference; fileEncoding = 4; lastKnownFileType = text.plist.xml; path = ColumnsItems.plist; sourceTree = "<group>"; };
		841E4A541CCCD1A7008D6D80 /* NewsCell.xib */ = {isa = PBXFileReference; fileEncoding = 4; lastKnownFileType = file.xib; path = NewsCell.xib; sourceTree = "<group>"; };
		841E4A561CCCD261008D6D80 /* FxLandscapeTableView.h */ = {isa = PBXFileReference; fileEncoding = 4; lastKnownFileType = sourcecode.c.h; path = FxLandscapeTableView.h; sourceTree = "<group>"; };
		841E4A571CCCD261008D6D80 /* FxLandscapeTableView.m */ = {isa = PBXFileReference; fileEncoding = 4; lastKnownFileType = sourcecode.c.objc; path = FxLandscapeTableView.m; sourceTree = "<group>"; };
		841E4A591CCCD395008D6D80 /* NewsPage.xib */ = {isa = PBXFileReference; fileEncoding = 4; lastKnownFileType = file.xib; path = NewsPage.xib; sourceTree = "<group>"; };
		841E4A5C1CCCD5DC008D6D80 /* Icon60@2x.png */ = {isa = PBXFileReference; lastKnownFileType = image.png; name = "Icon60@2x.png"; path = "Background/Icon60@2x.png"; sourceTree = "<group>"; };
		841E4A5D1CCCD5DC008D6D80 /* NewsDefault@2x.png */ = {isa = PBXFileReference; lastKnownFileType = image.png; name = "NewsDefault@2x.png"; path = "Background/NewsDefault@2x.png"; sourceTree = "<group>"; };
		841E4A5E1CCCD5DC008D6D80 /* WeatherBack@2x.png */ = {isa = PBXFileReference; lastKnownFileType = image.png; name = "WeatherBack@2x.png"; path = "Background/WeatherBack@2x.png"; sourceTree = "<group>"; };
		841E4A5F1CCCD5DC008D6D80 /* WeatherLocation@2x.png */ = {isa = PBXFileReference; lastKnownFileType = image.png; name = "WeatherLocation@2x.png"; path = "Background/WeatherLocation@2x.png"; sourceTree = "<group>"; };
		841E4A601CCCD5DC008D6D80 /* WeatherShare@2x.png */ = {isa = PBXFileReference; lastKnownFileType = image.png; name = "WeatherShare@2x.png"; path = "Background/WeatherShare@2x.png"; sourceTree = "<group>"; };
		841E4A661CCCD778008D6D80 /* FxLandscapeCell.h */ = {isa = PBXFileReference; fileEncoding = 4; lastKnownFileType = sourcecode.c.h; path = FxLandscapeCell.h; sourceTree = "<group>"; };
		841E4A671CCCD778008D6D80 /* FxLandscapeCell.m */ = {isa = PBXFileReference; fileEncoding = 4; lastKnownFileType = sourcecode.c.objc; path = FxLandscapeCell.m; sourceTree = "<group>"; };
		841E4A691CCCD965008D6D80 /* NewsLandscapeCell.h */ = {isa = PBXFileReference; fileEncoding = 4; lastKnownFileType = sourcecode.c.h; path = NewsLandscapeCell.h; sourceTree = "<group>"; };
		841E4A6A1CCCD965008D6D80 /* NewsLandscapeCell.m */ = {isa = PBXFileReference; fileEncoding = 4; lastKnownFileType = sourcecode.c.objc; path = NewsLandscapeCell.m; sourceTree = "<group>"; };
		848D58901CCD1C8600845671 /* NewsWidget.xib */ = {isa = PBXFileReference; fileEncoding = 4; lastKnownFileType = file.xib; path = NewsWidget.xib; sourceTree = "<group>"; };
		848D58921CCD498D00845671 /* NewsMoreCell.h */ = {isa = PBXFileReference; fileEncoding = 4; lastKnownFileType = sourcecode.c.h; path = NewsMoreCell.h; sourceTree = "<group>"; };
		848D58931CCD498D00845671 /* NewsMoreCell.m */ = {isa = PBXFileReference; fileEncoding = 4; lastKnownFileType = sourcecode.c.objc; path = NewsMoreCell.m; sourceTree = "<group>"; };
		848D58951CCD49FA00845671 /* NewsMoreCell.xib */ = {isa = PBXFileReference; fileEncoding = 4; lastKnownFileType = file.xib; path = NewsMoreCell.xib; sourceTree = "<group>"; };
		848D58971CCD514F00845671 /* FxDownload.h */ = {isa = PBXFileReference; fileEncoding = 4; lastKnownFileType = sourcecode.c.h; path = FxDownload.h; sourceTree = "<group>"; };
		848D58981CCD514F00845671 /* FxDownload.m */ = {isa = PBXFileReference; fileEncoding = 4; lastKnownFileType = sourcecode.c.objc; path = FxDownload.m; sourceTree = "<group>"; };
		848D589A1CCD537B00845671 /* ContentInfo.h */ = {isa = PBXFileReference; fileEncoding = 4; lastKnownFileType = sourcecode.c.h; path = ContentInfo.h; sourceTree = "<group>"; };
		848D589B1CCD537B00845671 /* ContentInfo.m */ = {isa = PBXFileReference; fileEncoding = 4; lastKnownFileType = sourcecode.c.objc; path = ContentInfo.m; sourceTree = "<group>"; };
		848D589D1CCD53BB00845671 /* ContentImageInfo.h */ = {isa = PBXFileReference; fileEncoding = 4; lastKnownFileType = sourcecode.c.h; path = ContentImageInfo.h; sourceTree = "<group>"; };
		848D589E1CCD53BB00845671 /* ContentImageInfo.m */ = {isa = PBXFileReference; fileEncoding = 4; lastKnownFileType = sourcecode.c.objc; path = ContentImageInfo.m; sourceTree = "<group>"; };
		848D58A01CCD54EB00845671 /* FxBaseNavPage.h */ = {isa = PBXFileReference; fileEncoding = 4; lastKnownFileType = sourcecode.c.h; path = FxBaseNavPage.h; sourceTree = "<group>"; };
		848D58A11CCD54EB00845671 /* FxBaseNavPage.m */ = {isa = PBXFileReference; fileEncoding = 4; lastKnownFileType = sourcecode.c.objc; path = FxBaseNavPage.m; sourceTree = "<group>"; };
		848D58A31CCD550500845671 /* FxBaseWebPage.h */ = {isa = PBXFileReference; fileEncoding = 4; lastKnownFileType = sourcecode.c.h; path = FxBaseWebPage.h; sourceTree = "<group>"; };
		848D58A41CCD550500845671 /* FxBaseWebPage.m */ = {isa = PBXFileReference; fileEncoding = 4; lastKnownFileType = sourcecode.c.objc; path = FxBaseWebPage.m; sourceTree = "<group>"; };
		848D58A61CCD57A200845671 /* FxStatis.h */ = {isa = PBXFileReference; fileEncoding = 4; lastKnownFileType = sourcecode.c.h; path = FxStatis.h; sourceTree = "<group>"; };
		848D58A71CCD57A200845671 /* FxStatis.m */ = {isa = PBXFileReference; fileEncoding = 4; lastKnownFileType = sourcecode.c.objc; path = FxStatis.m; sourceTree = "<group>"; };
		848D58A91CCD591200845671 /* FxGetContent.h */ = {isa = PBXFileReference; fileEncoding = 4; lastKnownFileType = sourcecode.c.h; path = FxGetContent.h; sourceTree = "<group>"; };
		848D58AA1CCD591200845671 /* FxGetContent.m */ = {isa = PBXFileReference; fileEncoding = 4; lastKnownFileType = sourcecode.c.objc; path = FxGetContent.m; sourceTree = "<group>"; };
		848D58AC1CCD5A3100845671 /* DetailPage.xib */ = {isa = PBXFileReference; fileEncoding = 4; lastKnownFileType = file.xib; path = DetailPage.xib; sourceTree = "<group>"; };
		848D58AF1CCD64DF00845671 /* content_template.html */ = {isa = PBXFileReference; fileEncoding = 4; lastKnownFileType = text.html; path = content_template.html; sourceTree = "<group>"; };
		848D58B01CCD64DF00845671 /* content_template2.html */ = {isa = PBXFileReference; fileEncoding = 4; lastKnownFileType = text.html; path = content_template2.html; sourceTree = "<group>"; };
		848D58B11CCD64DF00845671 /* content.css */ = {isa = PBXFileReference; fileEncoding = 4; lastKnownFileType = text.css; path = content.css; sourceTree = "<group>"; };
		848D58B21CCD64DF00845671 /* content.js */ = {isa = PBXFileReference; fileEncoding = 4; lastKnownFileType = sourcecode.javascript; path = content.js; sourceTree = "<group>"; };
		84E3851D1CCB3B6600D36324 /* WeekNews.app */ = {isa = PBXFileReference; explicitFileType = wrapper.application; includeInIndex = 0; path = WeekNews.app; sourceTree = BUILT_PRODUCTS_DIR; };
		84E385211CCB3B6600D36324 /* main.m */ = {isa = PBXFileReference; lastKnownFileType = sourcecode.c.objc; path = main.m; sourceTree = "<group>"; };
		84E385231CCB3B6600D36324 /* AppDelegate.h */ = {isa = PBXFileReference; lastKnownFileType = sourcecode.c.h; path = AppDelegate.h; sourceTree = "<group>"; };
		84E385241CCB3B6600D36324 /* AppDelegate.m */ = {isa = PBXFileReference; lastKnownFileType = sourcecode.c.objc; path = AppDelegate.m; sourceTree = "<group>"; };
		84E385261CCB3B6600D36324 /* HomePage.h */ = {isa = PBXFileReference; lastKnownFileType = sourcecode.c.h; path = HomePage.h; sourceTree = "<group>"; };
		84E385271CCB3B6600D36324 /* HomePage.m */ = {isa = PBXFileReference; lastKnownFileType = sourcecode.c.objc; path = HomePage.m; sourceTree = "<group>"; };
		84E3852C1CCB3B6600D36324 /* Assets.xcassets */ = {isa = PBXFileReference; lastKnownFileType = folder.assetcatalog; path = Assets.xcassets; sourceTree = "<group>"; };
		84E385311CCB3B6600D36324 /* Info.plist */ = {isa = PBXFileReference; lastKnownFileType = text.plist.xml; path = Info.plist; sourceTree = "<group>"; };
		84E385361CCB3B6600D36324 /* WeekNewsTests.xctest */ = {isa = PBXFileReference; explicitFileType = wrapper.cfbundle; includeInIndex = 0; path = WeekNewsTests.xctest; sourceTree = BUILT_PRODUCTS_DIR; };
		84E3853A1CCB3B6600D36324 /* WeekNewsTests.m */ = {isa = PBXFileReference; lastKnownFileType = sourcecode.c.objc; path = WeekNewsTests.m; sourceTree = "<group>"; };
		84E3853C1CCB3B6600D36324 /* Info.plist */ = {isa = PBXFileReference; lastKnownFileType = text.plist.xml; path = Info.plist; sourceTree = "<group>"; };
		84E385411CCB3B6600D36324 /* WeekNewsUITests.xctest */ = {isa = PBXFileReference; explicitFileType = wrapper.cfbundle; includeInIndex = 0; path = WeekNewsUITests.xctest; sourceTree = BUILT_PRODUCTS_DIR; };
		84E385451CCB3B6600D36324 /* WeekNewsUITests.m */ = {isa = PBXFileReference; lastKnownFileType = sourcecode.c.objc; path = WeekNewsUITests.m; sourceTree = "<group>"; };
		84E385471CCB3B6600D36324 /* Info.plist */ = {isa = PBXFileReference; lastKnownFileType = text.plist.xml; path = Info.plist; sourceTree = "<group>"; };
		84E385531CCB3BD100D36324 /* Readme */ = {isa = PBXFileReference; lastKnownFileType = text; path = Readme; sourceTree = "<group>"; };
		84E3855C1CCB3D0300D36324 /* Defines.h */ = {isa = PBXFileReference; fileEncoding = 4; lastKnownFileType = sourcecode.c.h; path = Defines.h; sourceTree = "<group>"; };
		84E385761CCB48B900D36324 /* PrefixHeader.pch */ = {isa = PBXFileReference; fileEncoding = 4; lastKnownFileType = sourcecode.c.h; path = PrefixHeader.pch; sourceTree = "<group>"; };
		84E385771CCB4DC400D36324 /* FxBasePage.h */ = {isa = PBXFileReference; fileEncoding = 4; lastKnownFileType = sourcecode.c.h; path = FxBasePage.h; sourceTree = "<group>"; };
		84E385781CCB4DC400D36324 /* FxBasePage.m */ = {isa = PBXFileReference; fileEncoding = 4; lastKnownFileType = sourcecode.c.objc; path = FxBasePage.m; sourceTree = "<group>"; };
		84E3857E1CCB591C00D36324 /* AdvertInfo.h */ = {isa = PBXFileReference; fileEncoding = 4; lastKnownFileType = sourcecode.c.h; path = AdvertInfo.h; sourceTree = "<group>"; };
		84E3857F1CCB591C00D36324 /* AdvertInfo.m */ = {isa = PBXFileReference; fileEncoding = 4; lastKnownFileType = sourcecode.c.objc; path = AdvertInfo.m; sourceTree = "<group>"; };
		84E385801CCB591C00D36324 /* BaseInfo.h */ = {isa = PBXFileReference; fileEncoding = 4; lastKnownFileType = sourcecode.c.h; path = BaseInfo.h; sourceTree = "<group>"; };
		84E385811CCB591C00D36324 /* BaseInfo.m */ = {isa = PBXFileReference; fileEncoding = 4; lastKnownFileType = sourcecode.c.objc; path = BaseInfo.m; sourceTree = "<group>"; };
		84E385821CCB591C00D36324 /* ColumnInfo.h */ = {isa = PBXFileReference; fileEncoding = 4; lastKnownFileType = sourcecode.c.h; path = ColumnInfo.h; sourceTree = "<group>"; };
		84E385831CCB591C00D36324 /* ColumnInfo.m */ = {isa = PBXFileReference; fileEncoding = 4; lastKnownFileType = sourcecode.c.objc; path = ColumnInfo.m; sourceTree = "<group>"; };
		84E385841CCB591C00D36324 /* NewsInfo.h */ = {isa = PBXFileReference; fileEncoding = 4; lastKnownFileType = sourcecode.c.h; path = NewsInfo.h; sourceTree = "<group>"; };
		84E385851CCB591C00D36324 /* NewsInfo.m */ = {isa = PBXFileReference; fileEncoding = 4; lastKnownFileType = sourcecode.c.objc; path = NewsInfo.m; sourceTree = "<group>"; };
		84E3858B1CCB5A5B00D36324 /* URLDefine.h */ = {isa = PBXFileReference; fileEncoding = 4; lastKnownFileType = sourcecode.c.h; path = URLDefine.h; sourceTree = "<group>"; };
		84E3858C1CCB5D0200D36324 /* FxBaseController.h */ = {isa = PBXFileReference; fileEncoding = 4; lastKnownFileType = sourcecode.c.h; path = FxBaseController.h; sourceTree = "<group>"; };
		84E3858D1CCB5D0200D36324 /* FxBaseController.m */ = {isa = PBXFileReference; fileEncoding = 4; lastKnownFileType = sourcecode.c.objc; path = FxBaseController.m; sourceTree = "<group>"; };
		84E385A11CCB602000D36324 /* FxJSON.h */ = {isa = PBXFileReference; fileEncoding = 4; lastKnownFileType = sourcecode.c.h; path = FxJSON.h; sourceTree = "<group>"; };
		84E385A21CCB602000D36324 /* FxJSON.m */ = {isa = PBXFileReference; fileEncoding = 4; lastKnownFileType = sourcecode.c.objc; path = FxJSON.m; sourceTree = "<group>"; };
		84E385A31CCB602000D36324 /* FxJsonBase.h */ = {isa = PBXFileReference; fileEncoding = 4; lastKnownFileType = sourcecode.c.h; path = FxJsonBase.h; sourceTree = "<group>"; };
		84E385A41CCB602000D36324 /* FxJsonBase.m */ = {isa = PBXFileReference; fileEncoding = 4; lastKnownFileType = sourcecode.c.objc; path = FxJsonBase.m; sourceTree = "<group>"; };
		84E385A51CCB602000D36324 /* FxJsonParser.h */ = {isa = PBXFileReference; fileEncoding = 4; lastKnownFileType = sourcecode.c.h; path = FxJsonParser.h; sourceTree = "<group>"; };
		84E385A61CCB602000D36324 /* FxJsonParser.m */ = {isa = PBXFileReference; fileEncoding = 4; lastKnownFileType = sourcecode.c.objc; path = FxJsonParser.m; sourceTree = "<group>"; };
		84E385A71CCB602000D36324 /* FxJsonUtility.h */ = {isa = PBXFileReference; fileEncoding = 4; lastKnownFileType = sourcecode.c.h; path = FxJsonUtility.h; sourceTree = "<group>"; };
		84E385A81CCB602000D36324 /* FxJsonUtility.m */ = {isa = PBXFileReference; fileEncoding = 4; lastKnownFileType = sourcecode.c.objc; path = FxJsonUtility.m; sourceTree = "<group>"; };
		84E385A91CCB602000D36324 /* FxJsonWriter.h */ = {isa = PBXFileReference; fileEncoding = 4; lastKnownFileType = sourcecode.c.h; path = FxJsonWriter.h; sourceTree = "<group>"; };
		84E385AA1CCB602000D36324 /* FxJsonWriter.m */ = {isa = PBXFileReference; fileEncoding = 4; lastKnownFileType = sourcecode.c.objc; path = FxJsonWriter.m; sourceTree = "<group>"; };
		84E385B01CCB64A200D36324 /* FxBaseOperation.h */ = {isa = PBXFileReference; fileEncoding = 4; lastKnownFileType = sourcecode.c.h; path = FxBaseOperation.h; sourceTree = "<group>"; };
		84E385B11CCB64A200D36324 /* FxBaseOperation.m */ = {isa = PBXFileReference; fileEncoding = 4; lastKnownFileType = sourcecode.c.objc; path = FxBaseOperation.m; sourceTree = "<group>"; };
		84E385B31CCB68D800D36324 /* FxGetAdvert.h */ = {isa = PBXFileReference; fileEncoding = 4; lastKnownFileType = sourcecode.c.h; path = FxGetAdvert.h; sourceTree = "<group>"; };
		84E385B41CCB68D800D36324 /* FxGetAdvert.m */ = {isa = PBXFileReference; fileEncoding = 4; lastKnownFileType = sourcecode.c.objc; path = FxGetAdvert.m; sourceTree = "<group>"; };
		84E385B61CCB696800D36324 /* FxGetColumn.h */ = {isa = PBXFileReference; fileEncoding = 4; lastKnownFileType = sourcecode.c.h; path = FxGetColumn.h; sourceTree = "<group>"; };
		84E385B71CCB696800D36324 /* FxGetColumn.m */ = {isa = PBXFileReference; fileEncoding = 4; lastKnownFileType = sourcecode.c.objc; path = FxGetColumn.m; sourceTree = "<group>"; };
		84E385B91CCB697700D36324 /* FxGetNews.h */ = {isa = PBXFileReference; fileEncoding = 4; lastKnownFileType = sourcecode.c.h; path = FxGetNews.h; sourceTree = "<group>"; };
		84E385BA1CCB697700D36324 /* FxGetNews.m */ = {isa = PBXFileReference; fileEncoding = 4; lastKnownFileType = sourcecode.c.objc; path = FxGetNews.m; sourceTree = "<group>"; };
		84E385BC1CCB6BF400D36324 /* AdvertPage.h */ = {isa = PBXFileReference; fileEncoding = 4; lastKnownFileType = sourcecode.c.h; path = AdvertPage.h; sourceTree = "<group>"; };
		84E385BD1CCB6BF400D36324 /* AdvertPage.m */ = {isa = PBXFileReference; fileEncoding = 4; lastKnownFileType = sourcecode.c.objc; path = AdvertPage.m; sourceTree = "<group>"; };
		84E385BF1CCB6D4E00D36324 /* NewsPage.h */ = {isa = PBXFileReference; fileEncoding = 4; lastKnownFileType = sourcecode.c.h; path = NewsPage.h; sourceTree = "<group>"; };
		84E385C01CCB6D4E00D36324 /* NewsPage.m */ = {isa = PBXFileReference; fileEncoding = 4; lastKnownFileType = sourcecode.c.objc; path = NewsPage.m; sourceTree = "<group>"; };
		84E385C21CCB6D8700D36324 /* FavoritePage.h */ = {isa = PBXFileReference; fileEncoding = 4; lastKnownFileType = sourcecode.c.h; path = FavoritePage.h; sourceTree = "<group>"; };
		84E385C31CCB6D8700D36324 /* FavoritePage.m */ = {isa = PBXFileReference; fileEncoding = 4; lastKnownFileType = sourcecode.c.objc; path = FavoritePage.m; sourceTree = "<group>"; };
		84E385C51CCB6D9D00D36324 /* MyPage.h */ = {isa = PBXFileReference; fileEncoding = 4; lastKnownFileType = sourcecode.c.h; path = MyPage.h; sourceTree = "<group>"; };
		84E385C61CCB6D9D00D36324 /* MyPage.m */ = {isa = PBXFileReference; fileEncoding = 4; lastKnownFileType = sourcecode.c.objc; path = MyPage.m; sourceTree = "<group>"; };
		84E385C81CCB6DD900D36324 /* DetailPage.h */ = {isa = PBXFileReference; fileEncoding = 4; lastKnownFileType = sourcecode.c.h; path = DetailPage.h; sourceTree = "<group>"; };
		84E385C91CCB6DD900D36324 /* DetailPage.m */ = {isa = PBXFileReference; fileEncoding = 4; lastKnownFileType = sourcecode.c.objc; path = DetailPage.m; sourceTree = "<group>"; };
		84E385CB1CCB6E2400D36324 /* FxBaseWidget.h */ = {isa = PBXFileReference; fileEncoding = 4; lastKnownFileType = sourcecode.c.h; path = FxBaseWidget.h; sourceTree = "<group>"; };
		84E385CC1CCB6E2400D36324 /* FxBaseWidget.m */ = {isa = PBXFileReference; fileEncoding = 4; lastKnownFileType = sourcecode.c.objc; path = FxBaseWidget.m; sourceTree = "<group>"; };
		84E385CE1CCB6E7C00D36324 /* FxTableWidget.h */ = {isa = PBXFileReference; fileEncoding = 4; lastKnownFileType = sourcecode.c.h; path = FxTableWidget.h; sourceTree = "<group>"; };
		84E385CF1CCB6E7C00D36324 /* FxTableWidget.m */ = {isa = PBXFileReference; fileEncoding = 4; lastKnownFileType = sourcecode.c.objc; path = FxTableWidget.m; sourceTree = "<group>"; };
		84E385D11CCB6EC500D36324 /* ColumnBarWidget.h */ = {isa = PBXFileReference; fileEncoding = 4; lastKnownFileType = sourcecode.c.h; path = ColumnBarWidget.h; sourceTree = "<group>"; };
		84E385D21CCB6EC500D36324 /* ColumnBarWidget.m */ = {isa = PBXFileReference; fileEncoding = 4; lastKnownFileType = sourcecode.c.objc; path = ColumnBarWidget.m; sourceTree = "<group>"; };
		84E385D41CCB6EE300D36324 /* NewsWidget.h */ = {isa = PBXFileReference; fileEncoding = 4; lastKnownFileType = sourcecode.c.h; path = NewsWidget.h; sourceTree = "<group>"; };
		84E385D51CCB6EE300D36324 /* NewsWidget.m */ = {isa = PBXFileReference; fileEncoding = 4; lastKnownFileType = sourcecode.c.objc; path = NewsWidget.m; sourceTree = "<group>"; };
		84E385D71CCB6F3400D36324 /* FavoriteWidget.h */ = {isa = PBXFileReference; fileEncoding = 4; lastKnownFileType = sourcecode.c.h; path = FavoriteWidget.h; sourceTree = "<group>"; };
		84E385D81CCB6F3400D36324 /* FavoriteWidget.m */ = {isa = PBXFileReference; fileEncoding = 4; lastKnownFileType = sourcecode.c.objc; path = FavoriteWidget.m; sourceTree = "<group>"; };
		84E385DA1CCB6FCA00D36324 /* FxBaseCell.h */ = {isa = PBXFileReference; fileEncoding = 4; lastKnownFileType = sourcecode.c.h; path = FxBaseCell.h; sourceTree = "<group>"; };
		84E385DB1CCB6FCA00D36324 /* FxBaseCell.m */ = {isa = PBXFileReference; fileEncoding = 4; lastKnownFileType = sourcecode.c.objc; path = FxBaseCell.m; sourceTree = "<group>"; };
		84E385DD1CCB700C00D36324 /* NewsCell.h */ = {isa = PBXFileReference; fileEncoding = 4; lastKnownFileType = sourcecode.c.h; path = NewsCell.h; sourceTree = "<group>"; };
		84E385DE1CCB700C00D36324 /* NewsCell.m */ = {isa = PBXFileReference; fileEncoding = 4; lastKnownFileType = sourcecode.c.objc; path = NewsCell.m; sourceTree = "<group>"; };
		84E385E01CCB701A00D36324 /* FavoriteCell.h */ = {isa = PBXFileReference; fileEncoding = 4; lastKnownFileType = sourcecode.c.h; path = FavoriteCell.h; sourceTree = "<group>"; };
		84E385E11CCB701A00D36324 /* FavoriteCell.m */ = {isa = PBXFileReference; fileEncoding = 4; lastKnownFileType = sourcecode.c.objc; path = FavoriteCell.m; sourceTree = "<group>"; };
		84E385E31CCB716B00D36324 /* UserInfo.h */ = {isa = PBXFileReference; fileEncoding = 4; lastKnownFileType = sourcecode.c.h; path = UserInfo.h; sourceTree = "<group>"; };
		84E385E41CCB716B00D36324 /* UserInfo.m */ = {isa = PBXFileReference; fileEncoding = 4; lastKnownFileType = sourcecode.c.objc; path = UserInfo.m; sourceTree = "<group>"; };
		84E385E61CCB720100D36324 /* FxLogin.h */ = {isa = PBXFileReference; fileEncoding = 4; lastKnownFileType = sourcecode.c.h; path = FxLogin.h; sourceTree = "<group>"; };
		84E385E71CCB720100D36324 /* FxLogin.m */ = {isa = PBXFileReference; fileEncoding = 4; lastKnownFileType = sourcecode.c.objc; path = FxLogin.m; sourceTree = "<group>"; };
		84E385E91CCB72BE00D36324 /* LoginPage.h */ = {isa = PBXFileReference; fileEncoding = 4; lastKnownFileType = sourcecode.c.h; path = LoginPage.h; sourceTree = "<group>"; };
		84E385EA1CCB72BE00D36324 /* LoginPage.m */ = {isa = PBXFileReference; fileEncoding = 4; lastKnownFileType = sourcecode.c.objc; path = LoginPage.m; sourceTree = "<group>"; };
		84E385EC1CCB739800D36324 /* LoginPage.xib */ = {isa = PBXFileReference; fileEncoding = 4; lastKnownFileType = file.xib; path = LoginPage.xib; sourceTree = "<group>"; };
		84E385EF1CCB75E400D36324 /* account_snslogin_icon_1@2x.png */ = {isa = PBXFileReference; lastKnownFileType = image.png; path = "account_snslogin_icon_1@2x.png"; sourceTree = "<group>"; };
		84E385F01CCB75E400D36324 /* account_snslogin_icon_3@2x.png */ = {isa = PBXFileReference; lastKnownFileType = image.png; path = "account_snslogin_icon_3@2x.png"; sourceTree = "<group>"; };
		84E385F11CCB75E400D36324 /* home_page_line_vertical@2x.png */ = {isa = PBXFileReference; lastKnownFileType = image.png; path = "home_page_line_vertical@2x.png"; sourceTree = "<group>"; };
		84E385F21CCB75E400D36324 /* login_button@2x.png */ = {isa = PBXFileReference; lastKnownFileType = image.png; path = "login_button@2x.png"; sourceTree = "<group>"; };
		84E385F31CCB75E400D36324 /* login_forgot_button@2x.png */ = {isa = PBXFileReference; lastKnownFileType = image.png; path = "login_forgot_button@2x.png"; sourceTree = "<group>"; };
		84E385F41CCB75E400D36324 /* login_password_icon@2x.png */ = {isa = PBXFileReference; lastKnownFileType = image.png; path = "login_password_icon@2x.png"; sourceTree = "<group>"; };
		84E385F51CCB75E400D36324 /* login_username_icon@2x.png */ = {isa = PBXFileReference; lastKnownFileType = image.png; path = "login_username_icon@2x.png"; sourceTree = "<group>"; };
		84E385FD1CCB8E9900D36324 /* AdvertPage.xib */ = {isa = PBXFileReference; fileEncoding = 4; lastKnownFileType = file.xib; path = AdvertPage.xib; sourceTree = "<group>"; };
		84E385FF1CCB91C000D36324 /* FxActivity.h */ = {isa = PBXFileReference; fileEncoding = 4; lastKnownFileType = sourcecode.c.h; path = FxActivity.h; sourceTree = "<group>"; };
		84E386001CCB91C000D36324 /* FxActivity.m */ = {isa = PBXFileReference; fileEncoding = 4; lastKnownFileType = sourcecode.c.objc; path = FxActivity.m; sourceTree = "<group>"; };
		84E386011CCB91C000D36324 /* FxActivityIndicator.h */ = {isa = PBXFileReference; fileEncoding = 4; lastKnownFileType = sourcecode.c.h; path = FxActivityIndicator.h; sourceTree = "<group>"; };
		84E386021CCB91C000D36324 /* FxActivityIndicator.m */ = {isa = PBXFileReference; fileEncoding = 4; lastKnownFileType = sourcecode.c.objc; path = FxActivityIndicator.m; sourceTree = "<group>"; };
		84E386031CCB91C000D36324 /* FxAppSetting.h */ = {isa = PBXFileReference; fileEncoding = 4; lastKnownFileType = sourcecode.c.h; path = FxAppSetting.h; sourceTree = "<group>"; };
		84E386041CCB91C000D36324 /* FxAppSetting.m */ = {isa = PBXFileReference; fileEncoding = 4; lastKnownFileType = sourcecode.c.objc; path = FxAppSetting.m; sourceTree = "<group>"; };
		84E386051CCB91C000D36324 /* FxButtonHelper.h */ = {isa = PBXFileReference; fileEncoding = 4; lastKnownFileType = sourcecode.c.h; path = FxButtonHelper.h; sourceTree = "<group>"; };
		84E386061CCB91C000D36324 /* FxButtonHelper.m */ = {isa = PBXFileReference; fileEncoding = 4; lastKnownFileType = sourcecode.c.objc; path = FxButtonHelper.m; sourceTree = "<group>"; };
		84E386071CCB91C000D36324 /* FxDate.h */ = {isa = PBXFileReference; fileEncoding = 4; lastKnownFileType = sourcecode.c.h; path = FxDate.h; sourceTree = "<group>"; };
		84E386081CCB91C000D36324 /* FxDate.m */ = {isa = PBXFileReference; fileEncoding = 4; lastKnownFileType = sourcecode.c.objc; path = FxDate.m; sourceTree = "<group>"; };
		84E386091CCB91C000D36324 /* FxFileUtility.h */ = {isa = PBXFileReference; fileEncoding = 4; lastKnownFileType = sourcecode.c.h; path = FxFileUtility.h; sourceTree = "<group>"; };
		84E3860A1CCB91C000D36324 /* FxFileUtility.m */ = {isa = PBXFileReference; fileEncoding = 4; lastKnownFileType = sourcecode.c.objc; path = FxFileUtility.m; sourceTree = "<group>"; };
		84E3860B1CCB91C000D36324 /* FxString.h */ = {isa = PBXFileReference; fileEncoding = 4; lastKnownFileType = sourcecode.c.h; path = FxString.h; sourceTree = "<group>"; };
		84E3860C1CCB91C000D36324 /* FxString.m */ = {isa = PBXFileReference; fileEncoding = 4; lastKnownFileType = sourcecode.c.objc; path = FxString.m; sourceTree = "<group>"; };
		84E386141CCB923500D36324 /* FxGetImage.h */ = {isa = PBXFileReference; fileEncoding = 4; lastKnownFileType = sourcecode.c.h; path = FxGetImage.h; sourceTree = "<group>"; };
		84E386151CCB923500D36324 /* FxGetImage.m */ = {isa = PBXFileReference; fileEncoding = 4; lastKnownFileType = sourcecode.c.objc; path = FxGetImage.m; sourceTree = "<group>"; };
		84E386171CCB93AA00D36324 /* FxGlobal.h */ = {isa = PBXFileReference; fileEncoding = 4; lastKnownFileType = sourcecode.c.h; path = FxGlobal.h; sourceTree = "<group>"; };
		84E386181CCB93AA00D36324 /* FxGlobal.m */ = {isa = PBXFileReference; fileEncoding = 4; lastKnownFileType = sourcecode.c.objc; path = FxGlobal.m; sourceTree = "<group>"; };
		84E3861B1CCBA8C800D36324 /* NavBarAlpha.png */ = {isa = PBXFileReference; lastKnownFileType = image.png; path = NavBarAlpha.png; sourceTree = "<group>"; };
		84E3861C1CCBA8C800D36324 /* NavBarIcon@2x.png */ = {isa = PBXFileReference; lastKnownFileType = image.png; path = "NavBarIcon@2x.png"; sourceTree = "<group>"; };
		84E3861D1CCBA8C800D36324 /* NavBarWhite44@2x.png */ = {isa = PBXFileReference; lastKnownFileType = image.png; path = "NavBarWhite44@2x.png"; sourceTree = "<group>"; };
		84E3861E1CCBA8C800D36324 /* NavBarWhite64@2x.png */ = {isa = PBXFileReference; lastKnownFileType = image.png; path = "NavBarWhite64@2x.png"; sourceTree = "<group>"; };
		84E3861F1CCBA8C800D36324 /* NavigationBack@2x.png */ = {isa = PBXFileReference; lastKnownFileType = image.png; path = "NavigationBack@2x.png"; sourceTree = "<group>"; };
		84E386201CCBA8C800D36324 /* NavigationBackBlack@2x.png */ = {isa = PBXFileReference; lastKnownFileType = image.png; path = "NavigationBackBlack@2x.png"; sourceTree = "<group>"; };
		84E386211CCBA8C800D36324 /* NavigationBar44@2x.png */ = {isa = PBXFileReference; lastKnownFileType = image.png; path = "NavigationBar44@2x.png"; sourceTree = "<group>"; };
		84E386221CCBA8C800D36324 /* NavigationBar64@2x.png */ = {isa = PBXFileReference; lastKnownFileType = image.png; path = "NavigationBar64@2x.png"; sourceTree = "<group>"; };
		84E386231CCBA8C800D36324 /* NavigationBell@2x.png */ = {isa = PBXFileReference; lastKnownFileType = image.png; path = "NavigationBell@2x.png"; sourceTree = "<group>"; };
		84E386241CCBA8C800D36324 /* NavigationSquare@2x.png */ = {isa = PBXFileReference; lastKnownFileType = image.png; path = "NavigationSquare@2x.png"; sourceTree = "<group>"; };
/* End PBXFileReference section */

/* Begin PBXFrameworksBuildPhase section */
		84E3851A1CCB3B6600D36324 /* Frameworks */ = {
			isa = PBXFrameworksBuildPhase;
			buildActionMask = 2147483647;
			files = (
			);
			runOnlyForDeploymentPostprocessing = 0;
		};
		84E385331CCB3B6600D36324 /* Frameworks */ = {
			isa = PBXFrameworksBuildPhase;
			buildActionMask = 2147483647;
			files = (
			);
			runOnlyForDeploymentPostprocessing = 0;
		};
		84E3853E1CCB3B6600D36324 /* Frameworks */ = {
			isa = PBXFrameworksBuildPhase;
			buildActionMask = 2147483647;
			files = (
			);
			runOnlyForDeploymentPostprocessing = 0;
		};
/* End PBXFrameworksBuildPhase section */

/* Begin PBXGroup section */
		841E4A051CCC8D7E008D6D80 /* TabBar */ = {
			isa = PBXGroup;
			children = (
				841E4A431CCCA7DA008D6D80 /* FavoriteIcon@2x.ico */,
				841E4A441CCCA7DA008D6D80 /* FavoriteIconSelect@2x.ico */,
				841E4A201CCC8E34008D6D80 /* DiscoveryIcon@2x.png */,
				841E4A211CCC8E34008D6D80 /* DiscoveryIconSelect@2x.png */,
				841E4A221CCC8E34008D6D80 /* MyIcon@2x.png */,
				841E4A231CCC8E34008D6D80 /* MyIconSelect@2x.png */,
				841E4A241CCC8E34008D6D80 /* NewsIcon@2x.png */,
				841E4A251CCC8E34008D6D80 /* NewsIconSelect@2x.png */,
				841E4A261CCC8E34008D6D80 /* ReaderIcon@2x.png */,
				841E4A271CCC8E34008D6D80 /* ReaderIconSelect@2x.png */,
				841E4A281CCC8E34008D6D80 /* tabbar_icon_media_highlight@2x.png */,
				841E4A291CCC8E34008D6D80 /* tabbar_icon_media_normal@2x.png */,
				841E4A2A1CCC8E34008D6D80 /* TabBarShadow@2x.png */,
				841E4A2B1CCC8E34008D6D80 /* VoiceIcon@2x.png */,
				841E4A2C1CCC8E34008D6D80 /* VoiceIconSelect@2x.png */,
			);
			path = TabBar;
			sourceTree = "<group>";
		};
		841E4A491CCCABC9008D6D80 /* ColumnBar */ = {
			isa = PBXGroup;
			children = (
				841E4A4A1CCCABE8008D6D80 /* ColumnBarLeft@2x.png */,
				841E4A4B1CCCABE8008D6D80 /* ColumnBarRight@2x.png */,
			);
			path = ColumnBar;
			sourceTree = "<group>";
		};
		841E4A5B1CCCD5CC008D6D80 /* Background */ = {
			isa = PBXGroup;
			children = (
				841E4A5C1CCCD5DC008D6D80 /* Icon60@2x.png */,
				841E4A5D1CCCD5DC008D6D80 /* NewsDefault@2x.png */,
				841E4A5E1CCCD5DC008D6D80 /* WeatherBack@2x.png */,
				841E4A5F1CCCD5DC008D6D80 /* WeatherLocation@2x.png */,
				841E4A601CCCD5DC008D6D80 /* WeatherShare@2x.png */,
			);
			name = Background;
			sourceTree = "<group>";
		};
		848D58AE1CCD64AD00845671 /* Html */ = {
			isa = PBXGroup;
			children = (
				848D58AF1CCD64DF00845671 /* content_template.html */,
				848D58B01CCD64DF00845671 /* content_template2.html */,
				848D58B11CCD64DF00845671 /* content.css */,
				848D58B21CCD64DF00845671 /* content.js */,
			);
			path = Html;
			sourceTree = "<group>";
		};
		84E385141CCB3B6600D36324 = {
			isa = PBXGroup;
			children = (
				84E385531CCB3BD100D36324 /* Readme */,
				84E3851F1CCB3B6600D36324 /* WeekNews */,
				84E385391CCB3B6600D36324 /* WeekNewsTests */,
				84E385441CCB3B6600D36324 /* WeekNewsUITests */,
				84E3851E1CCB3B6600D36324 /* Products */,
			);
			sourceTree = "<group>";
		};
		84E3851E1CCB3B6600D36324 /* Products */ = {
			isa = PBXGroup;
			children = (
				84E3851D1CCB3B6600D36324 /* WeekNews.app */,
				84E385361CCB3B6600D36324 /* WeekNewsTests.xctest */,
				84E385411CCB3B6600D36324 /* WeekNewsUITests.xctest */,
			);
			name = Products;
			sourceTree = "<group>";
		};
		84E3851F1CCB3B6600D36324 /* WeekNews */ = {
			isa = PBXGroup;
			children = (
				84E385541CCB3C1500D36324 /* Global */,
				84E385551CCB3C2300D36324 /* View */,
				84E385561CCB3C3000D36324 /* Model */,
				84E385571CCB3C4400D36324 /* Operation */,
				84E385581CCB3C5F00D36324 /* DB */,
				84E385591CCB3C7800D36324 /* Utility */,
				84E3855A1CCB3C9400D36324 /* ThirdSDK */,
				84E385641CCB408B00D36324 /* Define */,
				84E385231CCB3B6600D36324 /* AppDelegate.h */,
				84E385241CCB3B6600D36324 /* AppDelegate.m */,
				84E3855D1CCB3D1E00D36324 /* Resources */,
				84E385201CCB3B6600D36324 /* Supporting Files */,
			);
			path = WeekNews;
			sourceTree = "<group>";
		};
		84E385201CCB3B6600D36324 /* Supporting Files */ = {
			isa = PBXGroup;
			children = (
				84E385311CCB3B6600D36324 /* Info.plist */,
				84E385211CCB3B6600D36324 /* main.m */,
				84E385761CCB48B900D36324 /* PrefixHeader.pch */,
			);
			name = "Supporting Files";
			sourceTree = "<group>";
		};
		84E385391CCB3B6600D36324 /* WeekNewsTests */ = {
			isa = PBXGroup;
			children = (
				84E3853A1CCB3B6600D36324 /* WeekNewsTests.m */,
				84E3853C1CCB3B6600D36324 /* Info.plist */,
			);
			path = WeekNewsTests;
			sourceTree = "<group>";
		};
		84E385441CCB3B6600D36324 /* WeekNewsUITests */ = {
			isa = PBXGroup;
			children = (
				84E385451CCB3B6600D36324 /* WeekNewsUITests.m */,
				84E385471CCB3B6600D36324 /* Info.plist */,
			);
			path = WeekNewsUITests;
			sourceTree = "<group>";
		};
		84E385541CCB3C1500D36324 /* Global */ = {
			isa = PBXGroup;
			children = (
				84E386171CCB93AA00D36324 /* FxGlobal.h */,
				84E386181CCB93AA00D36324 /* FxGlobal.m */,
				848D58971CCD514F00845671 /* FxDownload.h */,
				848D58981CCD514F00845671 /* FxDownload.m */,
				848D58A61CCD57A200845671 /* FxStatis.h */,
				848D58A71CCD57A200845671 /* FxStatis.m */,
			);
			path = Global;
			sourceTree = "<group>";
		};
		84E385551CCB3C2300D36324 /* View */ = {
			isa = PBXGroup;
			children = (
				84E3858C1CCB5D0200D36324 /* FxBaseController.h */,
				84E3858D1CCB5D0200D36324 /* FxBaseController.m */,
				84E3855E1CCB3D3B00D36324 /* Page */,
				84E3855F1CCB3D4600D36324 /* Widget */,
				84E385601CCB3D5200D36324 /* Cell */,
			);
			name = View;
			path = Controller;
			sourceTree = "<group>";
		};
		84E385561CCB3C3000D36324 /* Model */ = {
			isa = PBXGroup;
			children = (
				84E385801CCB591C00D36324 /* BaseInfo.h */,
				84E385811CCB591C00D36324 /* BaseInfo.m */,
				84E3857E1CCB591C00D36324 /* AdvertInfo.h */,
				84E3857F1CCB591C00D36324 /* AdvertInfo.m */,
				84E385821CCB591C00D36324 /* ColumnInfo.h */,
				84E385831CCB591C00D36324 /* ColumnInfo.m */,
				84E385841CCB591C00D36324 /* NewsInfo.h */,
				84E385851CCB591C00D36324 /* NewsInfo.m */,
				84E385E31CCB716B00D36324 /* UserInfo.h */,
				84E385E41CCB716B00D36324 /* UserInfo.m */,
				841E4A3E1CCC9665008D6D80 /* PageInfo.h */,
				841E4A3F1CCC9665008D6D80 /* PageInfo.m */,
				848D589A1CCD537B00845671 /* ContentInfo.h */,
				848D589B1CCD537B00845671 /* ContentInfo.m */,
				848D589D1CCD53BB00845671 /* ContentImageInfo.h */,
				848D589E1CCD53BB00845671 /* ContentImageInfo.m */,
			);
			path = Model;
			sourceTree = "<group>";
		};
		84E385571CCB3C4400D36324 /* Operation */ = {
			isa = PBXGroup;
			children = (
				84E385B01CCB64A200D36324 /* FxBaseOperation.h */,
				84E385B11CCB64A200D36324 /* FxBaseOperation.m */,
				84E385B31CCB68D800D36324 /* FxGetAdvert.h */,
				84E385B41CCB68D800D36324 /* FxGetAdvert.m */,
				84E385B61CCB696800D36324 /* FxGetColumn.h */,
				84E385B71CCB696800D36324 /* FxGetColumn.m */,
				84E385B91CCB697700D36324 /* FxGetNews.h */,
				84E385BA1CCB697700D36324 /* FxGetNews.m */,
				84E385E61CCB720100D36324 /* FxLogin.h */,
				84E385E71CCB720100D36324 /* FxLogin.m */,
				84E386141CCB923500D36324 /* FxGetImage.h */,
				84E386151CCB923500D36324 /* FxGetImage.m */,
				848D58A91CCD591200845671 /* FxGetContent.h */,
				848D58AA1CCD591200845671 /* FxGetContent.m */,
			);
			name = Operation;
			path = Network;
			sourceTree = "<group>";
		};
		84E385581CCB3C5F00D36324 /* DB */ = {
			isa = PBXGroup;
			children = (
			);
			path = DB;
			sourceTree = "<group>";
		};
		84E385591CCB3C7800D36324 /* Utility */ = {
			isa = PBXGroup;
			children = (
				84E385FF1CCB91C000D36324 /* FxActivity.h */,
				84E386001CCB91C000D36324 /* FxActivity.m */,
				84E386011CCB91C000D36324 /* FxActivityIndicator.h */,
				84E386021CCB91C000D36324 /* FxActivityIndicator.m */,
				84E386031CCB91C000D36324 /* FxAppSetting.h */,
				84E386041CCB91C000D36324 /* FxAppSetting.m */,
				84E386051CCB91C000D36324 /* FxButtonHelper.h */,
				84E386061CCB91C000D36324 /* FxButtonHelper.m */,
				84E386071CCB91C000D36324 /* FxDate.h */,
				84E386081CCB91C000D36324 /* FxDate.m */,
				84E386091CCB91C000D36324 /* FxFileUtility.h */,
				84E3860A1CCB91C000D36324 /* FxFileUtility.m */,
				84E3860B1CCB91C000D36324 /* FxString.h */,
				84E3860C1CCB91C000D36324 /* FxString.m */,
			);
			path = Utility;
			sourceTree = "<group>";
		};
		84E3855A1CCB3C9400D36324 /* ThirdSDK */ = {
			isa = PBXGroup;
			children = (
				84E385A01CCB5FD200D36324 /* JsonFramework */,
			);
			path = ThirdSDK;
			sourceTree = "<group>";
		};
		84E3855D1CCB3D1E00D36324 /* Resources */ = {
			isa = PBXGroup;
			children = (
				848D58AE1CCD64AD00845671 /* Html */,
				84E385611CCB3D7700D36324 /* Config */,
				84E385621CCB3D8100D36324 /* Image */,
				84E385631CCB3DCB00D36324 /* Xib */,
			);
			path = Resources;
			sourceTree = "<group>";
		};
		84E3855E1CCB3D3B00D36324 /* Page */ = {
			isa = PBXGroup;
			children = (
				84E385771CCB4DC400D36324 /* FxBasePage.h */,
				84E385781CCB4DC400D36324 /* FxBasePage.m */,
				84E385BC1CCB6BF400D36324 /* AdvertPage.h */,
				84E385BD1CCB6BF400D36324 /* AdvertPage.m */,
				84E385261CCB3B6600D36324 /* HomePage.h */,
				84E385271CCB3B6600D36324 /* HomePage.m */,
				84E385BF1CCB6D4E00D36324 /* NewsPage.h */,
				84E385C01CCB6D4E00D36324 /* NewsPage.m */,
				84E385C21CCB6D8700D36324 /* FavoritePage.h */,
				84E385C31CCB6D8700D36324 /* FavoritePage.m */,
				84E385C51CCB6D9D00D36324 /* MyPage.h */,
				84E385C61CCB6D9D00D36324 /* MyPage.m */,
				84E385C81CCB6DD900D36324 /* DetailPage.h */,
				84E385C91CCB6DD900D36324 /* DetailPage.m */,
				84E385E91CCB72BE00D36324 /* LoginPage.h */,
				84E385EA1CCB72BE00D36324 /* LoginPage.m */,
				848D58A01CCD54EB00845671 /* FxBaseNavPage.h */,
				848D58A11CCD54EB00845671 /* FxBaseNavPage.m */,
				848D58A31CCD550500845671 /* FxBaseWebPage.h */,
				848D58A41CCD550500845671 /* FxBaseWebPage.m */,
			);
			path = Page;
			sourceTree = "<group>";
		};
		84E3855F1CCB3D4600D36324 /* Widget */ = {
			isa = PBXGroup;
			children = (
				84E385CB1CCB6E2400D36324 /* FxBaseWidget.h */,
				84E385CC1CCB6E2400D36324 /* FxBaseWidget.m */,
				841E4A561CCCD261008D6D80 /* FxLandscapeTableView.h */,
				841E4A571CCCD261008D6D80 /* FxLandscapeTableView.m */,
				84E385CE1CCB6E7C00D36324 /* FxTableWidget.h */,
				84E385CF1CCB6E7C00D36324 /* FxTableWidget.m */,
				84E385D41CCB6EE300D36324 /* NewsWidget.h */,
				84E385D51CCB6EE300D36324 /* NewsWidget.m */,
				84E385D71CCB6F3400D36324 /* FavoriteWidget.h */,
				84E385D81CCB6F3400D36324 /* FavoriteWidget.m */,
				84E385D11CCB6EC500D36324 /* ColumnBarWidget.h */,
				84E385D21CCB6EC500D36324 /* ColumnBarWidget.m */,
			);
			path = Widget;
			sourceTree = "<group>";
		};
		84E385601CCB3D5200D36324 /* Cell */ = {
			isa = PBXGroup;
			children = (
				84E385DA1CCB6FCA00D36324 /* FxBaseCell.h */,
				84E385DB1CCB6FCA00D36324 /* FxBaseCell.m */,
				84E385E01CCB701A00D36324 /* FavoriteCell.h */,
				84E385E11CCB701A00D36324 /* FavoriteCell.m */,
				841E4A661CCCD778008D6D80 /* FxLandscapeCell.h */,
				841E4A671CCCD778008D6D80 /* FxLandscapeCell.m */,
				841E4A691CCCD965008D6D80 /* NewsLandscapeCell.h */,
				841E4A6A1CCCD965008D6D80 /* NewsLandscapeCell.m */,
				84E385DD1CCB700C00D36324 /* NewsCell.h */,
				84E385DE1CCB700C00D36324 /* NewsCell.m */,
				848D58921CCD498D00845671 /* NewsMoreCell.h */,
				848D58931CCD498D00845671 /* NewsMoreCell.m */,
			);
			path = Cell;
			sourceTree = "<group>";
		};
		84E385611CCB3D7700D36324 /* Config */ = {
			isa = PBXGroup;
			children = (
				841E4A3C1CCC93F9008D6D80 /* TabBarPages.plist */,
				841E4A501CCCB763008D6D80 /* ColumnsItems.plist */,
			);
			path = Config;
			sourceTree = "<group>";
		};
		84E385621CCB3D8100D36324 /* Image */ = {
			isa = PBXGroup;
			children = (
				841E4A5B1CCCD5CC008D6D80 /* Background */,
				841E4A491CCCABC9008D6D80 /* ColumnBar */,
				841E4A051CCC8D7E008D6D80 /* TabBar */,
				84E3861A1CCBA8A500D36324 /* NavBar */,
				84E385EE1CCB759200D36324 /* Login */,
				84E3852C1CCB3B6600D36324 /* Assets.xcassets */,
			);
			path = Image;
			sourceTree = "<group>";
		};
		84E385631CCB3DCB00D36324 /* Xib */ = {
			isa = PBXGroup;
			children = (
				841E4A591CCCD395008D6D80 /* NewsPage.xib */,
				84E385EC1CCB739800D36324 /* LoginPage.xib */,
				84E385FD1CCB8E9900D36324 /* AdvertPage.xib */,
				841E4A4E1CCCB1CA008D6D80 /* ColumnBarWidget.xib */,
				841E4A541CCCD1A7008D6D80 /* NewsCell.xib */,
				848D58901CCD1C8600845671 /* NewsWidget.xib */,
				848D58951CCD49FA00845671 /* NewsMoreCell.xib */,
				848D58AC1CCD5A3100845671 /* DetailPage.xib */,
			);
			path = Xib;
			sourceTree = "<group>";
		};
		84E385641CCB408B00D36324 /* Define */ = {
			isa = PBXGroup;
			children = (
				84E3855C1CCB3D0300D36324 /* Defines.h */,
				84E3858B1CCB5A5B00D36324 /* URLDefine.h */,
			);
			path = Define;
			sourceTree = "<group>";
		};
		84E385A01CCB5FD200D36324 /* JsonFramework */ = {
			isa = PBXGroup;
			children = (
				84E385A11CCB602000D36324 /* FxJSON.h */,
				84E385A21CCB602000D36324 /* FxJSON.m */,
				84E385A31CCB602000D36324 /* FxJsonBase.h */,
				84E385A41CCB602000D36324 /* FxJsonBase.m */,
				84E385A51CCB602000D36324 /* FxJsonParser.h */,
				84E385A61CCB602000D36324 /* FxJsonParser.m */,
				84E385A71CCB602000D36324 /* FxJsonUtility.h */,
				84E385A81CCB602000D36324 /* FxJsonUtility.m */,
				84E385A91CCB602000D36324 /* FxJsonWriter.h */,
				84E385AA1CCB602000D36324 /* FxJsonWriter.m */,
			);
			path = JsonFramework;
			sourceTree = "<group>";
		};
		84E385EE1CCB759200D36324 /* Login */ = {
			isa = PBXGroup;
			children = (
				84E385EF1CCB75E400D36324 /* account_snslogin_icon_1@2x.png */,
				84E385F01CCB75E400D36324 /* account_snslogin_icon_3@2x.png */,
				84E385F11CCB75E400D36324 /* home_page_line_vertical@2x.png */,
				84E385F21CCB75E400D36324 /* login_button@2x.png */,
				84E385F31CCB75E400D36324 /* login_forgot_button@2x.png */,
				84E385F41CCB75E400D36324 /* login_password_icon@2x.png */,
				84E385F51CCB75E400D36324 /* login_username_icon@2x.png */,
			);
			path = Login;
			sourceTree = "<group>";
		};
		84E3861A1CCBA8A500D36324 /* NavBar */ = {
			isa = PBXGroup;
			children = (
				84E3861B1CCBA8C800D36324 /* NavBarAlpha.png */,
				84E3861C1CCBA8C800D36324 /* NavBarIcon@2x.png */,
				84E3861D1CCBA8C800D36324 /* NavBarWhite44@2x.png */,
				84E3861E1CCBA8C800D36324 /* NavBarWhite64@2x.png */,
				84E3861F1CCBA8C800D36324 /* NavigationBack@2x.png */,
				84E386201CCBA8C800D36324 /* NavigationBackBlack@2x.png */,
				84E386211CCBA8C800D36324 /* NavigationBar44@2x.png */,
				84E386221CCBA8C800D36324 /* NavigationBar64@2x.png */,
				84E386231CCBA8C800D36324 /* NavigationBell@2x.png */,
				84E386241CCBA8C800D36324 /* NavigationSquare@2x.png */,
			);
			path = NavBar;
			sourceTree = "<group>";
		};
/* End PBXGroup section */

/* Begin PBXNativeTarget section */
		84E3851C1CCB3B6600D36324 /* WeekNews */ = {
			isa = PBXNativeTarget;
			buildConfigurationList = 84E3854A1CCB3B6600D36324 /* Build configuration list for PBXNativeTarget "WeekNews" */;
			buildPhases = (
				84E385191CCB3B6600D36324 /* Sources */,
				84E3851A1CCB3B6600D36324 /* Frameworks */,
				84E3851B1CCB3B6600D36324 /* Resources */,
			);
			buildRules = (
			);
			dependencies = (
			);
			name = WeekNews;
			productName = WeekNews;
			productReference = 84E3851D1CCB3B6600D36324 /* WeekNews.app */;
			productType = "com.apple.product-type.application";
		};
		84E385351CCB3B6600D36324 /* WeekNewsTests */ = {
			isa = PBXNativeTarget;
			buildConfigurationList = 84E3854D1CCB3B6600D36324 /* Build configuration list for PBXNativeTarget "WeekNewsTests" */;
			buildPhases = (
				84E385321CCB3B6600D36324 /* Sources */,
				84E385331CCB3B6600D36324 /* Frameworks */,
				84E385341CCB3B6600D36324 /* Resources */,
			);
			buildRules = (
			);
			dependencies = (
				84E385381CCB3B6600D36324 /* PBXTargetDependency */,
			);
			name = WeekNewsTests;
			productName = WeekNewsTests;
			productReference = 84E385361CCB3B6600D36324 /* WeekNewsTests.xctest */;
			productType = "com.apple.product-type.bundle.unit-test";
		};
		84E385401CCB3B6600D36324 /* WeekNewsUITests */ = {
			isa = PBXNativeTarget;
			buildConfigurationList = 84E385501CCB3B6600D36324 /* Build configuration list for PBXNativeTarget "WeekNewsUITests" */;
			buildPhases = (
				84E3853D1CCB3B6600D36324 /* Sources */,
				84E3853E1CCB3B6600D36324 /* Frameworks */,
				84E3853F1CCB3B6600D36324 /* Resources */,
			);
			buildRules = (
			);
			dependencies = (
				84E385431CCB3B6600D36324 /* PBXTargetDependency */,
			);
			name = WeekNewsUITests;
			productName = WeekNewsUITests;
			productReference = 84E385411CCB3B6600D36324 /* WeekNewsUITests.xctest */;
			productType = "com.apple.product-type.bundle.ui-testing";
		};
/* End PBXNativeTarget section */

/* Begin PBXProject section */
		84E385151CCB3B6600D36324 /* Project object */ = {
			isa = PBXProject;
			attributes = {
				LastUpgradeCheck = 0730;
				ORGANIZATIONNAME = admin;
				TargetAttributes = {
					84E3851C1CCB3B6600D36324 = {
						CreatedOnToolsVersion = 7.3;
					};
					84E385351CCB3B6600D36324 = {
						CreatedOnToolsVersion = 7.3;
						TestTargetID = 84E3851C1CCB3B6600D36324;
					};
					84E385401CCB3B6600D36324 = {
						CreatedOnToolsVersion = 7.3;
						TestTargetID = 84E3851C1CCB3B6600D36324;
					};
				};
			};
			buildConfigurationList = 84E385181CCB3B6600D36324 /* Build configuration list for PBXProject "WeekNews" */;
			compatibilityVersion = "Xcode 3.2";
			developmentRegion = English;
			hasScannedForEncodings = 0;
			knownRegions = (
				en,
				Base,
			);
			mainGroup = 84E385141CCB3B6600D36324;
			productRefGroup = 84E3851E1CCB3B6600D36324 /* Products */;
			projectDirPath = "";
			projectRoot = "";
			targets = (
				84E3851C1CCB3B6600D36324 /* WeekNews */,
				84E385351CCB3B6600D36324 /* WeekNewsTests */,
				84E385401CCB3B6600D36324 /* WeekNewsUITests */,
			);
		};
/* End PBXProject section */

/* Begin PBXResourcesBuildPhase section */
		84E3851B1CCB3B6600D36324 /* Resources */ = {
			isa = PBXResourcesBuildPhase;
			buildActionMask = 2147483647;
			files = (
				84E385FE1CCB8E9900D36324 /* AdvertPage.xib in Resources */,
				841E4A391CCC8E34008D6D80 /* VoiceIconSelect@2x.png in Resources */,
				84E385F91CCB75E400D36324 /* login_button@2x.png in Resources */,
				841E4A4F1CCCB1CA008D6D80 /* ColumnBarWidget.xib in Resources */,
				848D58B31CCD64DF00845671 /* content_template.html in Resources */,
				841E4A2E1CCC8E34008D6D80 /* DiscoveryIconSelect@2x.png in Resources */,
				848D58B61CCD64DF00845671 /* content.js in Resources */,
				841E4A4D1CCCABE8008D6D80 /* ColumnBarRight@2x.png in Resources */,
				84E3862D1CCBA8C800D36324 /* NavigationBell@2x.png in Resources */,
				848D58B51CCD64DF00845671 /* content.css in Resources */,
				841E4A461CCCA7DA008D6D80 /* FavoriteIconSelect@2x.ico in Resources */,
				84E3862B1CCBA8C800D36324 /* NavigationBar44@2x.png in Resources */,
				841E4A621CCCD5DC008D6D80 /* NewsDefault@2x.png in Resources */,
				84E386271CCBA8C800D36324 /* NavBarWhite44@2x.png in Resources */,
				841E4A611CCCD5DC008D6D80 /* Icon60@2x.png in Resources */,
				84E3862E1CCBA8C800D36324 /* NavigationSquare@2x.png in Resources */,
				841E4A361CCC8E34008D6D80 /* tabbar_icon_media_normal@2x.png in Resources */,
				841E4A301CCC8E34008D6D80 /* MyIconSelect@2x.png in Resources */,
				84E386251CCBA8C800D36324 /* NavBarAlpha.png in Resources */,
				848D58B41CCD64DF00845671 /* content_template2.html in Resources */,
				848D58911CCD1C8600845671 /* NewsWidget.xib in Resources */,
				84E385F61CCB75E400D36324 /* account_snslogin_icon_1@2x.png in Resources */,
				841E4A321CCC8E34008D6D80 /* NewsIconSelect@2x.png in Resources */,
				841E4A381CCC8E34008D6D80 /* VoiceIcon@2x.png in Resources */,
				841E4A371CCC8E34008D6D80 /* TabBarShadow@2x.png in Resources */,
				841E4A451CCCA7DA008D6D80 /* FavoriteIcon@2x.ico in Resources */,
				84E3862A1CCBA8C800D36324 /* NavigationBackBlack@2x.png in Resources */,
				841E4A651CCCD5DC008D6D80 /* WeatherShare@2x.png in Resources */,
				84E3852D1CCB3B6600D36324 /* Assets.xcassets in Resources */,
				848D58AD1CCD5A3100845671 /* DetailPage.xib in Resources */,
				84E3862C1CCBA8C800D36324 /* NavigationBar64@2x.png in Resources */,
				841E4A4C1CCCABE8008D6D80 /* ColumnBarLeft@2x.png in Resources */,
				841E4A2F1CCC8E34008D6D80 /* MyIcon@2x.png in Resources */,
				84E386281CCBA8C800D36324 /* NavBarWhite64@2x.png in Resources */,
				84E385FA1CCB75E400D36324 /* login_forgot_button@2x.png in Resources */,
				84E385FB1CCB75E400D36324 /* login_password_icon@2x.png in Resources */,
				84E385F81CCB75E400D36324 /* home_page_line_vertical@2x.png in Resources */,
				841E4A2D1CCC8E34008D6D80 /* DiscoveryIcon@2x.png in Resources */,
				841E4A551CCCD1A7008D6D80 /* NewsCell.xib in Resources */,
				841E4A631CCCD5DC008D6D80 /* WeatherBack@2x.png in Resources */,
				841E4A341CCC8E34008D6D80 /* ReaderIconSelect@2x.png in Resources */,
				841E4A641CCCD5DC008D6D80 /* WeatherLocation@2x.png in Resources */,
				84E386291CCBA8C800D36324 /* NavigationBack@2x.png in Resources */,
				841E4A331CCC8E34008D6D80 /* ReaderIcon@2x.png in Resources */,
				84E385F71CCB75E400D36324 /* account_snslogin_icon_3@2x.png in Resources */,
				84E386261CCBA8C800D36324 /* NavBarIcon@2x.png in Resources */,
				841E4A5A1CCCD395008D6D80 /* NewsPage.xib in Resources */,
				84E385ED1CCB739800D36324 /* LoginPage.xib in Resources */,
				848D58961CCD49FA00845671 /* NewsMoreCell.xib in Resources */,
				84E385FC1CCB75E400D36324 /* login_username_icon@2x.png in Resources */,
				841E4A311CCC8E34008D6D80 /* NewsIcon@2x.png in Resources */,
				841E4A351CCC8E34008D6D80 /* tabbar_icon_media_highlight@2x.png in Resources */,
				841E4A3D1CCC93FA008D6D80 /* TabBarPages.plist in Resources */,
				841E4A511CCCB763008D6D80 /* ColumnsItems.plist in Resources */,
			);
			runOnlyForDeploymentPostprocessing = 0;
		};
		84E385341CCB3B6600D36324 /* Resources */ = {
			isa = PBXResourcesBuildPhase;
			buildActionMask = 2147483647;
			files = (
			);
			runOnlyForDeploymentPostprocessing = 0;
		};
		84E3853F1CCB3B6600D36324 /* Resources */ = {
			isa = PBXResourcesBuildPhase;
			buildActionMask = 2147483647;
			files = (
			);
			runOnlyForDeploymentPostprocessing = 0;
		};
/* End PBXResourcesBuildPhase section */

/* Begin PBXSourcesBuildPhase section */
		84E385191CCB3B6600D36324 /* Sources */ = {
			isa = PBXSourcesBuildPhase;
			buildActionMask = 2147483647;
			files = (
				84E3860E1CCB91C000D36324 /* FxActivityIndicator.m in Sources */,
				84E3858E1CCB5D0200D36324 /* FxBaseController.m in Sources */,
				84E385861CCB591C00D36324 /* AdvertInfo.m in Sources */,
				84E385AD1CCB602000D36324 /* FxJsonParser.m in Sources */,
				84E385C11CCB6D4E00D36324 /* NewsPage.m in Sources */,
				84E3860F1CCB91C000D36324 /* FxAppSetting.m in Sources */,
				84E385281CCB3B6600D36324 /* HomePage.m in Sources */,
				84E385871CCB591C00D36324 /* BaseInfo.m in Sources */,
				84E385EB1CCB72BE00D36324 /* LoginPage.m in Sources */,
				84E385CD1CCB6E2400D36324 /* FxBaseWidget.m in Sources */,
				848D58991CCD514F00845671 /* FxDownload.m in Sources */,
				84E385D01CCB6E7C00D36324 /* FxTableWidget.m in Sources */,
				84E385DF1CCB700C00D36324 /* NewsCell.m in Sources */,
				848D58AB1CCD591200845671 /* FxGetContent.m in Sources */,
				84E385791CCB4DC400D36324 /* FxBasePage.m in Sources */,
				84E385AE1CCB602000D36324 /* FxJsonUtility.m in Sources */,
				848D589C1CCD537B00845671 /* ContentInfo.m in Sources */,
				84E385251CCB3B6600D36324 /* AppDelegate.m in Sources */,
				84E385221CCB3B6600D36324 /* main.m in Sources */,
				84E385891CCB591C00D36324 /* NewsInfo.m in Sources */,
				84E386131CCB91C000D36324 /* FxString.m in Sources */,
				84E386111CCB91C000D36324 /* FxDate.m in Sources */,
				84E385B81CCB696800D36324 /* FxGetColumn.m in Sources */,
				84E386161CCB923500D36324 /* FxGetImage.m in Sources */,
				84E3860D1CCB91C000D36324 /* FxActivity.m in Sources */,
				84E386121CCB91C000D36324 /* FxFileUtility.m in Sources */,
				84E386191CCB93AA00D36324 /* FxGlobal.m in Sources */,
				84E385CA1CCB6DD900D36324 /* DetailPage.m in Sources */,
				848D58941CCD498D00845671 /* NewsMoreCell.m in Sources */,
				841E4A681CCCD778008D6D80 /* FxLandscapeCell.m in Sources */,
				841E4A6B1CCCD965008D6D80 /* NewsLandscapeCell.m in Sources */,
				84E385E51CCB716B00D36324 /* UserInfo.m in Sources */,
				841E4A401CCC9665008D6D80 /* PageInfo.m in Sources */,
				84E385C71CCB6D9D00D36324 /* MyPage.m in Sources */,
				84E385E81CCB720100D36324 /* FxLogin.m in Sources */,
				848D58A51CCD550500845671 /* FxBaseWebPage.m in Sources */,
				84E385BB1CCB697700D36324 /* FxGetNews.m in Sources */,
				84E385D31CCB6EC500D36324 /* ColumnBarWidget.m in Sources */,
				841E4A581CCCD261008D6D80 /* FxLandscapeTableView.m in Sources */,
				848D589F1CCD53BB00845671 /* ContentImageInfo.m in Sources */,
				84E385881CCB591C00D36324 /* ColumnInfo.m in Sources */,
				84E385C41CCB6D8700D36324 /* FavoritePage.m in Sources */,
				848D58A81CCD57A200845671 /* FxStatis.m in Sources */,
				84E386101CCB91C000D36324 /* FxButtonHelper.m in Sources */,
				84E385BE1CCB6BF400D36324 /* AdvertPage.m in Sources */,
				84E385DC1CCB6FCA00D36324 /* FxBaseCell.m in Sources */,
				84E385AC1CCB602000D36324 /* FxJsonBase.m in Sources */,
				84E385D61CCB6EE300D36324 /* NewsWidget.m in Sources */,
				848D58A21CCD54EB00845671 /* FxBaseNavPage.m in Sources */,
				84E385D91CCB6F3400D36324 /* FavoriteWidget.m in Sources */,
				84E385B51CCB68D800D36324 /* FxGetAdvert.m in Sources */,
				84E385AF1CCB602000D36324 /* FxJsonWriter.m in Sources */,
				84E385AB1CCB602000D36324 /* FxJSON.m in Sources */,
				84E385B21CCB64A200D36324 /* FxBaseOperation.m in Sources */,
				84E385E21CCB701A00D36324 /* FavoriteCell.m in Sources */,
			);
			runOnlyForDeploymentPostprocessing = 0;
		};
		84E385321CCB3B6600D36324 /* Sources */ = {
			isa = PBXSourcesBuildPhase;
			buildActionMask = 2147483647;
			files = (
				84E3853B1CCB3B6600D36324 /* WeekNewsTests.m in Sources */,
			);
			runOnlyForDeploymentPostprocessing = 0;
		};
		84E3853D1CCB3B6600D36324 /* Sources */ = {
			isa = PBXSourcesBuildPhase;
			buildActionMask = 2147483647;
			files = (
				84E385461CCB3B6600D36324 /* WeekNewsUITests.m in Sources */,
			);
			runOnlyForDeploymentPostprocessing = 0;
		};
/* End PBXSourcesBuildPhase section */

/* Begin PBXTargetDependency section */
		84E385381CCB3B6600D36324 /* PBXTargetDependency */ = {
			isa = PBXTargetDependency;
			target = 84E3851C1CCB3B6600D36324 /* WeekNews */;
			targetProxy = 84E385371CCB3B6600D36324 /* PBXContainerItemProxy */;
		};
		84E385431CCB3B6600D36324 /* PBXTargetDependency */ = {
			isa = PBXTargetDependency;
			target = 84E3851C1CCB3B6600D36324 /* WeekNews */;
			targetProxy = 84E385421CCB3B6600D36324 /* PBXContainerItemProxy */;
		};
/* End PBXTargetDependency section */

/* Begin XCBuildConfiguration section */
		84E385481CCB3B6600D36324 /* Debug */ = {
			isa = XCBuildConfiguration;
			buildSettings = {
				ALWAYS_SEARCH_USER_PATHS = NO;
				CLANG_ANALYZER_NONNULL = YES;
				CLANG_CXX_LANGUAGE_STANDARD = "gnu++0x";
				CLANG_CXX_LIBRARY = "libc++";
				CLANG_ENABLE_MODULES = YES;
				CLANG_ENABLE_OBJC_ARC = YES;
				CLANG_WARN_BOOL_CONVERSION = YES;
				CLANG_WARN_CONSTANT_CONVERSION = YES;
				CLANG_WARN_DIRECT_OBJC_ISA_USAGE = YES_ERROR;
				CLANG_WARN_EMPTY_BODY = YES;
				CLANG_WARN_ENUM_CONVERSION = YES;
				CLANG_WARN_INT_CONVERSION = YES;
				CLANG_WARN_OBJC_ROOT_CLASS = YES_ERROR;
				CLANG_WARN_UNREACHABLE_CODE = YES;
				CLANG_WARN__DUPLICATE_METHOD_MATCH = YES;
				"CODE_SIGN_IDENTITY[sdk=iphoneos*]" = "iPhone Developer";
				COPY_PHASE_STRIP = NO;
				DEBUG_INFORMATION_FORMAT = dwarf;
				ENABLE_STRICT_OBJC_MSGSEND = YES;
				ENABLE_TESTABILITY = YES;
				GCC_C_LANGUAGE_STANDARD = gnu99;
				GCC_DYNAMIC_NO_PIC = NO;
				GCC_NO_COMMON_BLOCKS = YES;
				GCC_OPTIMIZATION_LEVEL = 0;
				GCC_PREPROCESSOR_DEFINITIONS = (
					"DEBUG=1",
					"$(inherited)",
				);
				GCC_WARN_64_TO_32_BIT_CONVERSION = YES;
				GCC_WARN_ABOUT_RETURN_TYPE = YES_ERROR;
				GCC_WARN_UNDECLARED_SELECTOR = YES;
				GCC_WARN_UNINITIALIZED_AUTOS = YES_AGGRESSIVE;
				GCC_WARN_UNUSED_FUNCTION = YES;
				GCC_WARN_UNUSED_VARIABLE = YES;
				IPHONEOS_DEPLOYMENT_TARGET = 9.3;
				MTL_ENABLE_DEBUG_INFO = YES;
				ONLY_ACTIVE_ARCH = YES;
				SDKROOT = iphoneos;
			};
			name = Debug;
		};
		84E385491CCB3B6600D36324 /* Release */ = {
			isa = XCBuildConfiguration;
			buildSettings = {
				ALWAYS_SEARCH_USER_PATHS = NO;
				CLANG_ANALYZER_NONNULL = YES;
				CLANG_CXX_LANGUAGE_STANDARD = "gnu++0x";
				CLANG_CXX_LIBRARY = "libc++";
				CLANG_ENABLE_MODULES = YES;
				CLANG_ENABLE_OBJC_ARC = YES;
				CLANG_WARN_BOOL_CONVERSION = YES;
				CLANG_WARN_CONSTANT_CONVERSION = YES;
				CLANG_WARN_DIRECT_OBJC_ISA_USAGE = YES_ERROR;
				CLANG_WARN_EMPTY_BODY = YES;
				CLANG_WARN_ENUM_CONVERSION = YES;
				CLANG_WARN_INT_CONVERSION = YES;
				CLANG_WARN_OBJC_ROOT_CLASS = YES_ERROR;
				CLANG_WARN_UNREACHABLE_CODE = YES;
				CLANG_WARN__DUPLICATE_METHOD_MATCH = YES;
				"CODE_SIGN_IDENTITY[sdk=iphoneos*]" = "iPhone Developer";
				COPY_PHASE_STRIP = NO;
				DEBUG_INFORMATION_FORMAT = "dwarf-with-dsym";
				ENABLE_NS_ASSERTIONS = NO;
				ENABLE_STRICT_OBJC_MSGSEND = YES;
				GCC_C_LANGUAGE_STANDARD = gnu99;
				GCC_NO_COMMON_BLOCKS = YES;
				GCC_WARN_64_TO_32_BIT_CONVERSION = YES;
				GCC_WARN_ABOUT_RETURN_TYPE = YES_ERROR;
				GCC_WARN_UNDECLARED_SELECTOR = YES;
				GCC_WARN_UNINITIALIZED_AUTOS = YES_AGGRESSIVE;
				GCC_WARN_UNUSED_FUNCTION = YES;
				GCC_WARN_UNUSED_VARIABLE = YES;
				IPHONEOS_DEPLOYMENT_TARGET = 9.3;
				MTL_ENABLE_DEBUG_INFO = NO;
				SDKROOT = iphoneos;
				VALIDATE_PRODUCT = YES;
			};
			name = Release;
		};
		84E3854B1CCB3B6600D36324 /* Debug */ = {
			isa = XCBuildConfiguration;
			buildSettings = {
				ASSETCATALOG_COMPILER_APPICON_NAME = AppIcon;
				ASSETCATALOG_COMPILER_LAUNCHIMAGE_NAME = LaunchImage;
				GCC_PREFIX_HEADER = WeekNews/PrefixHeader.pch;
				INFOPLIST_FILE = WeekNews/Info.plist;
				LD_RUNPATH_SEARCH_PATHS = "$(inherited) @executable_path/Frameworks";
				PRODUCT_BUNDLE_IDENTIFIER = com.waspmaster.WeekNews;
				PRODUCT_NAME = "$(TARGET_NAME)";
			};
			name = Debug;
		};
		84E3854C1CCB3B6600D36324 /* Release */ = {
			isa = XCBuildConfiguration;
			buildSettings = {
				ASSETCATALOG_COMPILER_APPICON_NAME = AppIcon;
				ASSETCATALOG_COMPILER_LAUNCHIMAGE_NAME = LaunchImage;
				GCC_PREFIX_HEADER = WeekNews/PrefixHeader.pch;
				INFOPLIST_FILE = WeekNews/Info.plist;
				LD_RUNPATH_SEARCH_PATHS = "$(inherited) @executable_path/Frameworks";
				PRODUCT_BUNDLE_IDENTIFIER = com.waspmaster.WeekNews;
				PRODUCT_NAME = "$(TARGET_NAME)";
			};
			name = Release;
		};
		84E3854E1CCB3B6600D36324 /* Debug */ = {
			isa = XCBuildConfiguration;
			buildSettings = {
				BUNDLE_LOADER = "$(TEST_HOST)";
				INFOPLIST_FILE = WeekNewsTests/Info.plist;
				LD_RUNPATH_SEARCH_PATHS = "$(inherited) @executable_path/Frameworks @loader_path/Frameworks";
				PRODUCT_BUNDLE_IDENTIFIER = com.waspmaster.WeekNewsTests;
				PRODUCT_NAME = "$(TARGET_NAME)";
				TEST_HOST = "$(BUILT_PRODUCTS_DIR)/WeekNews.app/WeekNews";
			};
			name = Debug;
		};
		84E3854F1CCB3B6600D36324 /* Release */ = {
			isa = XCBuildConfiguration;
			buildSettings = {
				BUNDLE_LOADER = "$(TEST_HOST)";
				INFOPLIST_FILE = WeekNewsTests/Info.plist;
				LD_RUNPATH_SEARCH_PATHS = "$(inherited) @executable_path/Frameworks @loader_path/Frameworks";
				PRODUCT_BUNDLE_IDENTIFIER = com.waspmaster.WeekNewsTests;
				PRODUCT_NAME = "$(TARGET_NAME)";
				TEST_HOST = "$(BUILT_PRODUCTS_DIR)/WeekNews.app/WeekNews";
			};
			name = Release;
		};
		84E385511CCB3B6600D36324 /* Debug */ = {
			isa = XCBuildConfiguration;
			buildSettings = {
				INFOPLIST_FILE = WeekNewsUITests/Info.plist;
				LD_RUNPATH_SEARCH_PATHS = "$(inherited) @executable_path/Frameworks @loader_path/Frameworks";
				PRODUCT_BUNDLE_IDENTIFIER = com.waspmaster.WeekNewsUITests;
				PRODUCT_NAME = "$(TARGET_NAME)";
				TEST_TARGET_NAME = WeekNews;
			};
			name = Debug;
		};
		84E385521CCB3B6600D36324 /* Release */ = {
			isa = XCBuildConfiguration;
			buildSettings = {
				INFOPLIST_FILE = WeekNewsUITests/Info.plist;
				LD_RUNPATH_SEARCH_PATHS = "$(inherited) @executable_path/Frameworks @loader_path/Frameworks";
				PRODUCT_BUNDLE_IDENTIFIER = com.waspmaster.WeekNewsUITests;
				PRODUCT_NAME = "$(TARGET_NAME)";
				TEST_TARGET_NAME = WeekNews;
			};
			name = Release;
		};
		84E385651CCB454900D36324 /* AppStore */ = {
			isa = XCBuildConfiguration;
			buildSettings = {
				ALWAYS_SEARCH_USER_PATHS = NO;
				CLANG_ANALYZER_NONNULL = YES;
				CLANG_CXX_LANGUAGE_STANDARD = "gnu++0x";
				CLANG_CXX_LIBRARY = "libc++";
				CLANG_ENABLE_MODULES = YES;
				CLANG_ENABLE_OBJC_ARC = YES;
				CLANG_WARN_BOOL_CONVERSION = YES;
				CLANG_WARN_CONSTANT_CONVERSION = YES;
				CLANG_WARN_DIRECT_OBJC_ISA_USAGE = YES_ERROR;
				CLANG_WARN_EMPTY_BODY = YES;
				CLANG_WARN_ENUM_CONVERSION = YES;
				CLANG_WARN_INT_CONVERSION = YES;
				CLANG_WARN_OBJC_ROOT_CLASS = YES_ERROR;
				CLANG_WARN_UNREACHABLE_CODE = YES;
				CLANG_WARN__DUPLICATE_METHOD_MATCH = YES;
				"CODE_SIGN_IDENTITY[sdk=iphoneos*]" = "iPhone Developer";
				COPY_PHASE_STRIP = NO;
				DEBUG_INFORMATION_FORMAT = "dwarf-with-dsym";
				ENABLE_NS_ASSERTIONS = NO;
				ENABLE_STRICT_OBJC_MSGSEND = YES;
				GCC_C_LANGUAGE_STANDARD = gnu99;
				GCC_NO_COMMON_BLOCKS = YES;
				GCC_WARN_64_TO_32_BIT_CONVERSION = YES;
				GCC_WARN_ABOUT_RETURN_TYPE = YES_ERROR;
				GCC_WARN_UNDECLARED_SELECTOR = YES;
				GCC_WARN_UNINITIALIZED_AUTOS = YES_AGGRESSIVE;
				GCC_WARN_UNUSED_FUNCTION = YES;
				GCC_WARN_UNUSED_VARIABLE = YES;
				IPHONEOS_DEPLOYMENT_TARGET = 9.3;
				MTL_ENABLE_DEBUG_INFO = NO;
				SDKROOT = iphoneos;
				VALIDATE_PRODUCT = YES;
			};
			name = AppStore;
		};
		84E385661CCB454900D36324 /* AppStore */ = {
			isa = XCBuildConfiguration;
			buildSettings = {
				ASSETCATALOG_COMPILER_APPICON_NAME = AppIcon;
				ASSETCATALOG_COMPILER_LAUNCHIMAGE_NAME = LaunchImage;
				GCC_PREFIX_HEADER = WeekNews/PrefixHeader.pch;
				GCC_PREPROCESSOR_DEFINITIONS = "OFFICIAL=1";
				INFOPLIST_FILE = WeekNews/Info.plist;
				LD_RUNPATH_SEARCH_PATHS = "$(inherited) @executable_path/Frameworks";
				PRODUCT_BUNDLE_IDENTIFIER = com.waspmaster.WeekNews;
				PRODUCT_NAME = "$(TARGET_NAME)";
			};
			name = AppStore;
		};
		84E385671CCB454900D36324 /* AppStore */ = {
			isa = XCBuildConfiguration;
			buildSettings = {
				BUNDLE_LOADER = "$(TEST_HOST)";
				INFOPLIST_FILE = WeekNewsTests/Info.plist;
				LD_RUNPATH_SEARCH_PATHS = "$(inherited) @executable_path/Frameworks @loader_path/Frameworks";
				PRODUCT_BUNDLE_IDENTIFIER = com.waspmaster.WeekNewsTests;
				PRODUCT_NAME = "$(TARGET_NAME)";
				TEST_HOST = "$(BUILT_PRODUCTS_DIR)/WeekNews.app/WeekNews";
			};
			name = AppStore;
		};
		84E385681CCB454900D36324 /* AppStore */ = {
			isa = XCBuildConfiguration;
			buildSettings = {
				INFOPLIST_FILE = WeekNewsUITests/Info.plist;
				LD_RUNPATH_SEARCH_PATHS = "$(inherited) @executable_path/Frameworks @loader_path/Frameworks";
				PRODUCT_BUNDLE_IDENTIFIER = com.waspmaster.WeekNewsUITests;
				PRODUCT_NAME = "$(TARGET_NAME)";
				TEST_TARGET_NAME = WeekNews;
			};
			name = AppStore;
		};
		84E3856D1CCB456B00D36324 /* Enterprise */ = {
			isa = XCBuildConfiguration;
			buildSettings = {
				ALWAYS_SEARCH_USER_PATHS = NO;
				CLANG_ANALYZER_NONNULL = YES;
				CLANG_CXX_LANGUAGE_STANDARD = "gnu++0x";
				CLANG_CXX_LIBRARY = "libc++";
				CLANG_ENABLE_MODULES = YES;
				CLANG_ENABLE_OBJC_ARC = YES;
				CLANG_WARN_BOOL_CONVERSION = YES;
				CLANG_WARN_CONSTANT_CONVERSION = YES;
				CLANG_WARN_DIRECT_OBJC_ISA_USAGE = YES_ERROR;
				CLANG_WARN_EMPTY_BODY = YES;
				CLANG_WARN_ENUM_CONVERSION = YES;
				CLANG_WARN_INT_CONVERSION = YES;
				CLANG_WARN_OBJC_ROOT_CLASS = YES_ERROR;
				CLANG_WARN_UNREACHABLE_CODE = YES;
				CLANG_WARN__DUPLICATE_METHOD_MATCH = YES;
				"CODE_SIGN_IDENTITY[sdk=iphoneos*]" = "iPhone Developer";
				COPY_PHASE_STRIP = NO;
				DEBUG_INFORMATION_FORMAT = "dwarf-with-dsym";
				ENABLE_NS_ASSERTIONS = NO;
				ENABLE_STRICT_OBJC_MSGSEND = YES;
				GCC_C_LANGUAGE_STANDARD = gnu99;
				GCC_NO_COMMON_BLOCKS = YES;
				GCC_WARN_64_TO_32_BIT_CONVERSION = YES;
				GCC_WARN_ABOUT_RETURN_TYPE = YES_ERROR;
				GCC_WARN_UNDECLARED_SELECTOR = YES;
				GCC_WARN_UNINITIALIZED_AUTOS = YES_AGGRESSIVE;
				GCC_WARN_UNUSED_FUNCTION = YES;
				GCC_WARN_UNUSED_VARIABLE = YES;
				IPHONEOS_DEPLOYMENT_TARGET = 9.3;
				MTL_ENABLE_DEBUG_INFO = NO;
				SDKROOT = iphoneos;
				VALIDATE_PRODUCT = YES;
			};
			name = Enterprise;
		};
		84E3856E1CCB456B00D36324 /* Enterprise */ = {
			isa = XCBuildConfiguration;
			buildSettings = {
				ASSETCATALOG_COMPILER_APPICON_NAME = AppIcon;
				ASSETCATALOG_COMPILER_LAUNCHIMAGE_NAME = LaunchImage;
				GCC_PREFIX_HEADER = WeekNews/PrefixHeader.pch;
				GCC_PREPROCESSOR_DEFINITIONS = "OFFICIAL=1";
				INFOPLIST_FILE = WeekNews/Info.plist;
				LD_RUNPATH_SEARCH_PATHS = "$(inherited) @executable_path/Frameworks";
				PRODUCT_BUNDLE_IDENTIFIER = com.waspmaster.WeekNews;
				PRODUCT_NAME = "$(TARGET_NAME)";
			};
			name = Enterprise;
		};
		84E3856F1CCB456B00D36324 /* Enterprise */ = {
			isa = XCBuildConfiguration;
			buildSettings = {
				BUNDLE_LOADER = "$(TEST_HOST)";
				INFOPLIST_FILE = WeekNewsTests/Info.plist;
				LD_RUNPATH_SEARCH_PATHS = "$(inherited) @executable_path/Frameworks @loader_path/Frameworks";
				PRODUCT_BUNDLE_IDENTIFIER = com.waspmaster.WeekNewsTests;
				PRODUCT_NAME = "$(TARGET_NAME)";
				TEST_HOST = "$(BUILT_PRODUCTS_DIR)/WeekNews.app/WeekNews";
			};
			name = Enterprise;
		};
		84E385701CCB456B00D36324 /* Enterprise */ = {
			isa = XCBuildConfiguration;
			buildSettings = {
				INFOPLIST_FILE = WeekNewsUITests/Info.plist;
				LD_RUNPATH_SEARCH_PATHS = "$(inherited) @executable_path/Frameworks @loader_path/Frameworks";
				PRODUCT_BUNDLE_IDENTIFIER = com.waspmaster.WeekNewsUITests;
				PRODUCT_NAME = "$(TARGET_NAME)";
				TEST_TARGET_NAME = WeekNews;
			};
			name = Enterprise;
		};
		84E385711CCB457E00D36324 /* AdHoc */ = {
			isa = XCBuildConfiguration;
			buildSettings = {
				ALWAYS_SEARCH_USER_PATHS = NO;
				CLANG_ANALYZER_NONNULL = YES;
				CLANG_CXX_LANGUAGE_STANDARD = "gnu++0x";
				CLANG_CXX_LIBRARY = "libc++";
				CLANG_ENABLE_MODULES = YES;
				CLANG_ENABLE_OBJC_ARC = YES;
				CLANG_WARN_BOOL_CONVERSION = YES;
				CLANG_WARN_CONSTANT_CONVERSION = YES;
				CLANG_WARN_DIRECT_OBJC_ISA_USAGE = YES_ERROR;
				CLANG_WARN_EMPTY_BODY = YES;
				CLANG_WARN_ENUM_CONVERSION = YES;
				CLANG_WARN_INT_CONVERSION = YES;
				CLANG_WARN_OBJC_ROOT_CLASS = YES_ERROR;
				CLANG_WARN_UNREACHABLE_CODE = YES;
				CLANG_WARN__DUPLICATE_METHOD_MATCH = YES;
				"CODE_SIGN_IDENTITY[sdk=iphoneos*]" = "iPhone Developer";
				COPY_PHASE_STRIP = NO;
				DEBUG_INFORMATION_FORMAT = "dwarf-with-dsym";
				ENABLE_NS_ASSERTIONS = NO;
				ENABLE_STRICT_OBJC_MSGSEND = YES;
				GCC_C_LANGUAGE_STANDARD = gnu99;
				GCC_NO_COMMON_BLOCKS = YES;
				GCC_WARN_64_TO_32_BIT_CONVERSION = YES;
				GCC_WARN_ABOUT_RETURN_TYPE = YES_ERROR;
				GCC_WARN_UNDECLARED_SELECTOR = YES;
				GCC_WARN_UNINITIALIZED_AUTOS = YES_AGGRESSIVE;
				GCC_WARN_UNUSED_FUNCTION = YES;
				GCC_WARN_UNUSED_VARIABLE = YES;
				IPHONEOS_DEPLOYMENT_TARGET = 9.3;
				MTL_ENABLE_DEBUG_INFO = NO;
				SDKROOT = iphoneos;
				VALIDATE_PRODUCT = YES;
			};
			name = AdHoc;
		};
		84E385721CCB457E00D36324 /* AdHoc */ = {
			isa = XCBuildConfiguration;
			buildSettings = {
				ASSETCATALOG_COMPILER_APPICON_NAME = AppIcon;
				ASSETCATALOG_COMPILER_LAUNCHIMAGE_NAME = LaunchImage;
				GCC_PREFIX_HEADER = WeekNews/PrefixHeader.pch;
				INFOPLIST_FILE = WeekNews/Info.plist;
				LD_RUNPATH_SEARCH_PATHS = "$(inherited) @executable_path/Frameworks";
				PRODUCT_BUNDLE_IDENTIFIER = com.waspmaster.WeekNews;
				PRODUCT_NAME = "$(TARGET_NAME)";
			};
			name = AdHoc;
		};
		84E385731CCB457E00D36324 /* AdHoc */ = {
			isa = XCBuildConfiguration;
			buildSettings = {
				BUNDLE_LOADER = "$(TEST_HOST)";
				INFOPLIST_FILE = WeekNewsTests/Info.plist;
				LD_RUNPATH_SEARCH_PATHS = "$(inherited) @executable_path/Frameworks @loader_path/Frameworks";
				PRODUCT_BUNDLE_IDENTIFIER = com.waspmaster.WeekNewsTests;
				PRODUCT_NAME = "$(TARGET_NAME)";
				TEST_HOST = "$(BUILT_PRODUCTS_DIR)/WeekNews.app/WeekNews";
			};
			name = AdHoc;
		};
		84E385741CCB457E00D36324 /* AdHoc */ = {
			isa = XCBuildConfiguration;
			buildSettings = {
				INFOPLIST_FILE = WeekNewsUITests/Info.plist;
				LD_RUNPATH_SEARCH_PATHS = "$(inherited) @executable_path/Frameworks @loader_path/Frameworks";
				PRODUCT_BUNDLE_IDENTIFIER = com.waspmaster.WeekNewsUITests;
				PRODUCT_NAME = "$(TARGET_NAME)";
				TEST_TARGET_NAME = WeekNews;
			};
			name = AdHoc;
		};
/* End XCBuildConfiguration section */

/* Begin XCConfigurationList section */
		84E385181CCB3B6600D36324 /* Build configuration list for PBXProject "WeekNews" */ = {
			isa = XCConfigurationList;
			buildConfigurations = (
				84E385481CCB3B6600D36324 /* Debug */,
				84E385491CCB3B6600D36324 /* Release */,
				84E385651CCB454900D36324 /* AppStore */,
				84E385711CCB457E00D36324 /* AdHoc */,
				84E3856D1CCB456B00D36324 /* Enterprise */,
			);
			defaultConfigurationIsVisible = 0;
			defaultConfigurationName = Release;
		};
		84E3854A1CCB3B6600D36324 /* Build configuration list for PBXNativeTarget "WeekNews" */ = {
			isa = XCConfigurationList;
			buildConfigurations = (
				84E3854B1CCB3B6600D36324 /* Debug */,
				84E3854C1CCB3B6600D36324 /* Release */,
				84E385661CCB454900D36324 /* AppStore */,
				84E385721CCB457E00D36324 /* AdHoc */,
				84E3856E1CCB456B00D36324 /* Enterprise */,
			);
			defaultConfigurationIsVisible = 0;
			defaultConfigurationName = Release;
		};
		84E3854D1CCB3B6600D36324 /* Build configuration list for PBXNativeTarget "WeekNewsTests" */ = {
			isa = XCConfigurationList;
			buildConfigurations = (
				84E3854E1CCB3B6600D36324 /* Debug */,
				84E3854F1CCB3B6600D36324 /* Release */,
				84E385671CCB454900D36324 /* AppStore */,
				84E385731CCB457E00D36324 /* AdHoc */,
				84E3856F1CCB456B00D36324 /* Enterprise */,
			);
			defaultConfigurationIsVisible = 0;
			defaultConfigurationName = Release;
		};
		84E385501CCB3B6600D36324 /* Build configuration list for PBXNativeTarget "WeekNewsUITests" */ = {
			isa = XCConfigurationList;
			buildConfigurations = (
				84E385511CCB3B6600D36324 /* Debug */,
				84E385521CCB3B6600D36324 /* Release */,
				84E385681CCB454900D36324 /* AppStore */,
				84E385741CCB457E00D36324 /* AdHoc */,
				84E385701CCB456B00D36324 /* Enterprise */,
			);
			defaultConfigurationIsVisible = 0;
			defaultConfigurationName = Release;
		};
/* End XCConfigurationList section */
	};
	rootObject = 84E385151CCB3B6600D36324 /* Project object */;
}
